// !$*UTF8*$!
{
	archiveVersion = 1;
	classes = {
	};
	objectVersion = 46;
	objects = {

/* Begin PBXBuildFile section */
		B5404FB31F16D22A00E40F2F /* NodeBuilder.swift in Sources */ = {isa = PBXBuildFile; fileRef = B5404FB21F16D22A00E40F2F /* NodeBuilder.swift */; };
		B5519AE41F951DEF00F3A390 /* UserDefaults+helpers.swift in Sources */ = {isa = PBXBuildFile; fileRef = B5519AE31F951DEF00F3A390 /* UserDefaults+helpers.swift */; };
		B5C498291F20D33E00F0502E /* Main.storyboard in Resources */ = {isa = PBXBuildFile; fileRef = B5C498281F20D33E00F0502E /* Main.storyboard */; };
		B5C5E2221F196DF100B16319 /* SettingsPage.swift in Sources */ = {isa = PBXBuildFile; fileRef = B5C5E2211F196DF100B16319 /* SettingsPage.swift */; };
		B5CA55341F0E875600634433 /* AppDelegate.swift in Sources */ = {isa = PBXBuildFile; fileRef = B5CA55331F0E875600634433 /* AppDelegate.swift */; };
		B5CA55361F0E875600634433 /* GameScene.sks in Resources */ = {isa = PBXBuildFile; fileRef = B5CA55351F0E875600634433 /* GameScene.sks */; };
		B5CA553A1F0E875600634433 /* GameScene.swift in Sources */ = {isa = PBXBuildFile; fileRef = B5CA55391F0E875600634433 /* GameScene.swift */; };
		B5CA553C1F0E875600634433 /* GameViewController.swift in Sources */ = {isa = PBXBuildFile; fileRef = B5CA553B1F0E875600634433 /* GameViewController.swift */; };
		B5CA55411F0E875600634433 /* Assets.xcassets in Resources */ = {isa = PBXBuildFile; fileRef = B5CA55401F0E875600634433 /* Assets.xcassets */; };
		B5CA55441F0E875600634433 /* LaunchScreen.storyboard in Resources */ = {isa = PBXBuildFile; fileRef = B5CA55421F0E875600634433 /* LaunchScreen.storyboard */; };
/* End PBXBuildFile section */

/* Begin PBXFileReference section */
		B50F21AD1F58CE1D00D93C87 /* GameKit.framework */ = {isa = PBXFileReference; lastKnownFileType = wrapper.framework; name = GameKit.framework; path = System/Library/Frameworks/GameKit.framework; sourceTree = SDKROOT; };
		B5404FB21F16D22A00E40F2F /* NodeBuilder.swift */ = {isa = PBXFileReference; fileEncoding = 4; lastKnownFileType = sourcecode.swift; path = NodeBuilder.swift; sourceTree = "<group>"; };
		B5519AE31F951DEF00F3A390 /* UserDefaults+helpers.swift */ = {isa = PBXFileReference; lastKnownFileType = sourcecode.swift; path = "UserDefaults+helpers.swift"; sourceTree = "<group>"; };
		B5C498281F20D33E00F0502E /* Main.storyboard */ = {isa = PBXFileReference; fileEncoding = 4; lastKnownFileType = file.storyboard; path = Main.storyboard; sourceTree = "<group>"; };
		B5C5E2211F196DF100B16319 /* SettingsPage.swift */ = {isa = PBXFileReference; fileEncoding = 4; lastKnownFileType = sourcecode.swift; path = SettingsPage.swift; sourceTree = "<group>"; };
		B5CA55301F0E875600634433 /* Dot Attack.app */ = {isa = PBXFileReference; explicitFileType = wrapper.application; includeInIndex = 0; path = "Dot Attack.app"; sourceTree = BUILT_PRODUCTS_DIR; };
		B5CA55331F0E875600634433 /* AppDelegate.swift */ = {isa = PBXFileReference; lastKnownFileType = sourcecode.swift; path = AppDelegate.swift; sourceTree = "<group>"; };
		B5CA55351F0E875600634433 /* GameScene.sks */ = {isa = PBXFileReference; lastKnownFileType = file.sks; path = GameScene.sks; sourceTree = "<group>"; };
		B5CA55391F0E875600634433 /* GameScene.swift */ = {isa = PBXFileReference; lastKnownFileType = sourcecode.swift; path = GameScene.swift; sourceTree = "<group>"; };
		B5CA553B1F0E875600634433 /* GameViewController.swift */ = {isa = PBXFileReference; lastKnownFileType = sourcecode.swift; path = GameViewController.swift; sourceTree = "<group>"; };
		B5CA55401F0E875600634433 /* Assets.xcassets */ = {isa = PBXFileReference; lastKnownFileType = folder.assetcatalog; path = Assets.xcassets; sourceTree = "<group>"; };
		B5CA55431F0E875600634433 /* Base */ = {isa = PBXFileReference; lastKnownFileType = file.storyboard; name = Base; path = Base.lproj/LaunchScreen.storyboard; sourceTree = "<group>"; };
		B5CA55451F0E875600634433 /* Info.plist */ = {isa = PBXFileReference; lastKnownFileType = text.plist.xml; path = Info.plist; sourceTree = "<group>"; };
/* End PBXFileReference section */

/* Begin PBXFrameworksBuildPhase section */
		B5CA552D1F0E875600634433 /* Frameworks */ = {
			isa = PBXFrameworksBuildPhase;
			buildActionMask = 2147483647;
			files = (
			);
			runOnlyForDeploymentPostprocessing = 0;
		};
/* End PBXFrameworksBuildPhase section */

/* Begin PBXGroup section */
		B50F21AC1F58CE1D00D93C87 /* Frameworks */ = {
			isa = PBXGroup;
			children = (
				B50F21AD1F58CE1D00D93C87 /* GameKit.framework */,
			);
			name = Frameworks;
			sourceTree = "<group>";
		};
		B5404FB11F16D20E00E40F2F /* utils */ = {
			isa = PBXGroup;
			children = (
				B5404FB21F16D22A00E40F2F /* NodeBuilder.swift */,
				B5519AE31F951DEF00F3A390 /* UserDefaults+helpers.swift */,
			);
			name = utils;
			sourceTree = "<group>";
		};
		B5404FB41F16D32F00E40F2F /* Scenes */ = {
			isa = PBXGroup;
			children = (
				B5CA55391F0E875600634433 /* GameScene.swift */,
				B5C5E2211F196DF100B16319 /* SettingsPage.swift */,
			);
			name = Scenes;
			sourceTree = "<group>";
		};
		B5B1E9EA1F1EC41E001FDE2E /* Sprite Kit Scenes */ = {
			isa = PBXGroup;
			children = (
				B5CA55351F0E875600634433 /* GameScene.sks */,
			);
			name = "Sprite Kit Scenes";
			sourceTree = "<group>";
		};
		B5B1E9EB1F1EC455001FDE2E /* View Controllers */ = {
			isa = PBXGroup;
			children = (
				B5CA553B1F0E875600634433 /* GameViewController.swift */,
			);
			name = "View Controllers";
			sourceTree = "<group>";
		};
		B5B1E9EC1F1EC464001FDE2E /* Story Boards */ = {
			isa = PBXGroup;
			children = (
				B5C498281F20D33E00F0502E /* Main.storyboard */,
				B5CA55421F0E875600634433 /* LaunchScreen.storyboard */,
			);
			name = "Story Boards";
			sourceTree = "<group>";
		};
		B5CA55271F0E875600634433 = {
			isa = PBXGroup;
			children = (
				B5CA55321F0E875600634433 /* Dot Attack */,
				B5CA55311F0E875600634433 /* Products */,
				B50F21AC1F58CE1D00D93C87 /* Frameworks */,
			);
			sourceTree = "<group>";
		};
		B5CA55311F0E875600634433 /* Products */ = {
			isa = PBXGroup;
			children = (
				B5CA55301F0E875600634433 /* Dot Attack.app */,
			);
			name = Products;
			sourceTree = "<group>";
		};
		B5CA55321F0E875600634433 /* Dot Attack */ = {
			isa = PBXGroup;
			children = (
				B5B1E9EC1F1EC464001FDE2E /* Story Boards */,
				B5B1E9EB1F1EC455001FDE2E /* View Controllers */,
				B5B1E9EA1F1EC41E001FDE2E /* Sprite Kit Scenes */,
				B5404FB41F16D32F00E40F2F /* Scenes */,
				B5404FB11F16D20E00E40F2F /* utils */,
				B5CA554B1F0E88A100634433 /* Supporting Files */,
			);
			name = "Dot Attack";
			path = "Circular Shooter";
			sourceTree = "<group>";
		};
		B5CA554B1F0E88A100634433 /* Supporting Files */ = {
			isa = PBXGroup;
			children = (
				B5CA55331F0E875600634433 /* AppDelegate.swift */,
				B5CA55401F0E875600634433 /* Assets.xcassets */,
				B5CA55451F0E875600634433 /* Info.plist */,
			);
			name = "Supporting Files";
			sourceTree = "<group>";
		};
/* End PBXGroup section */

/* Begin PBXNativeTarget section */
		B5CA552F1F0E875600634433 /* Dot Attack */ = {
			isa = PBXNativeTarget;
			buildConfigurationList = B5CA55481F0E875600634433 /* Build configuration list for PBXNativeTarget "Dot Attack" */;
			buildPhases = (
				B5CA552C1F0E875600634433 /* Sources */,
				B5CA552D1F0E875600634433 /* Frameworks */,
				B5CA552E1F0E875600634433 /* Resources */,
			);
			buildRules = (
			);
			dependencies = (
			);
			name = "Dot Attack";
			productName = "Circular Shooter";
			productReference = B5CA55301F0E875600634433 /* Dot Attack.app */;
			productType = "com.apple.product-type.application";
		};
/* End PBXNativeTarget section */

/* Begin PBXProject section */
		B5CA55281F0E875600634433 /* Project object */ = {
			isa = PBXProject;
			attributes = {
				LastSwiftUpdateCheck = 0830;
				LastUpgradeCheck = 0900;
				ORGANIZATIONNAME = Ben;
				TargetAttributes = {
					B5CA552F1F0E875600634433 = {
						CreatedOnToolsVersion = 8.3.2;
						DevelopmentTeam = EWR45DYVX7;
						LastSwiftMigration = 0900;
						ProvisioningStyle = Automatic;
					};
				};
			};
			buildConfigurationList = B5CA552B1F0E875600634433 /* Build configuration list for PBXProject "Dot Attack" */;
			compatibilityVersion = "Xcode 3.2";
			developmentRegion = English;
			hasScannedForEncodings = 0;
			knownRegions = (
				en,
				Base,
			);
			mainGroup = B5CA55271F0E875600634433;
			productRefGroup = B5CA55311F0E875600634433 /* Products */;
			projectDirPath = "";
			projectRoot = "";
			targets = (
				B5CA552F1F0E875600634433 /* Dot Attack */,
			);
		};
/* End PBXProject section */

/* Begin PBXResourcesBuildPhase section */
		B5CA552E1F0E875600634433 /* Resources */ = {
			isa = PBXResourcesBuildPhase;
			buildActionMask = 2147483647;
			files = (
				B5CA55361F0E875600634433 /* GameScene.sks in Resources */,
				B5CA55411F0E875600634433 /* Assets.xcassets in Resources */,
				B5CA55441F0E875600634433 /* LaunchScreen.storyboard in Resources */,
				B5C498291F20D33E00F0502E /* Main.storyboard in Resources */,
			);
			runOnlyForDeploymentPostprocessing = 0;
		};
/* End PBXResourcesBuildPhase section */

/* Begin PBXSourcesBuildPhase section */
		B5CA552C1F0E875600634433 /* Sources */ = {
			isa = PBXSourcesBuildPhase;
			buildActionMask = 2147483647;
			files = (
				B5404FB31F16D22A00E40F2F /* NodeBuilder.swift in Sources */,
				B5CA553A1F0E875600634433 /* GameScene.swift in Sources */,
				B5519AE41F951DEF00F3A390 /* UserDefaults+helpers.swift in Sources */,
				B5C5E2221F196DF100B16319 /* SettingsPage.swift in Sources */,
				B5CA553C1F0E875600634433 /* GameViewController.swift in Sources */,
				B5CA55341F0E875600634433 /* AppDelegate.swift in Sources */,
			);
			runOnlyForDeploymentPostprocessing = 0;
		};
/* End PBXSourcesBuildPhase section */

/* Begin PBXVariantGroup section */
		B5CA55421F0E875600634433 /* LaunchScreen.storyboard */ = {
			isa = PBXVariantGroup;
			children = (
				B5CA55431F0E875600634433 /* Base */,
			);
			name = LaunchScreen.storyboard;
			sourceTree = "<group>";
		};
/* End PBXVariantGroup section */

/* Begin XCBuildConfiguration section */
		B5CA55461F0E875600634433 /* Debug */ = {
			isa = XCBuildConfiguration;
			buildSettings = {
				ALWAYS_SEARCH_USER_PATHS = NO;
				CLANG_ANALYZER_NONNULL = YES;
				CLANG_ANALYZER_NUMBER_OBJECT_CONVERSION = YES_AGGRESSIVE;
				CLANG_CXX_LANGUAGE_STANDARD = "gnu++0x";
				CLANG_CXX_LIBRARY = "libc++";
				CLANG_ENABLE_MODULES = YES;
				CLANG_ENABLE_OBJC_ARC = YES;
				CLANG_WARN_BLOCK_CAPTURE_AUTORELEASING = YES;
				CLANG_WARN_BOOL_CONVERSION = YES;
				CLANG_WARN_COMMA = YES;
				CLANG_WARN_CONSTANT_CONVERSION = YES;
				CLANG_WARN_DIRECT_OBJC_ISA_USAGE = YES_ERROR;
				CLANG_WARN_DOCUMENTATION_COMMENTS = YES;
				CLANG_WARN_EMPTY_BODY = YES;
				CLANG_WARN_ENUM_CONVERSION = YES;
				CLANG_WARN_INFINITE_RECURSION = YES;
				CLANG_WARN_INT_CONVERSION = YES;
				CLANG_WARN_NON_LITERAL_NULL_CONVERSION = YES;
				CLANG_WARN_OBJC_LITERAL_CONVERSION = YES;
				CLANG_WARN_OBJC_ROOT_CLASS = YES_ERROR;
				CLANG_WARN_RANGE_LOOP_ANALYSIS = YES;
				CLANG_WARN_STRICT_PROTOTYPES = YES;
				CLANG_WARN_SUSPICIOUS_MOVE = YES;
				CLANG_WARN_UNREACHABLE_CODE = YES;
				CLANG_WARN__DUPLICATE_METHOD_MATCH = YES;
				"CODE_SIGN_IDENTITY[sdk=iphoneos*]" = "iPhone Developer";
				COPY_PHASE_STRIP = NO;
				DEBUG_INFORMATION_FORMAT = dwarf;
				ENABLE_STRICT_OBJC_MSGSEND = YES;
				ENABLE_TESTABILITY = YES;
				GCC_C_LANGUAGE_STANDARD = gnu99;
				GCC_DYNAMIC_NO_PIC = NO;
				GCC_NO_COMMON_BLOCKS = YES;
				GCC_OPTIMIZATION_LEVEL = 0;
				GCC_PREPROCESSOR_DEFINITIONS = (
					"DEBUG=1",
					"$(inherited)",
				);
				GCC_WARN_64_TO_32_BIT_CONVERSION = YES;
				GCC_WARN_ABOUT_RETURN_TYPE = YES_ERROR;
				GCC_WARN_UNDECLARED_SELECTOR = YES;
				GCC_WARN_UNINITIALIZED_AUTOS = YES_AGGRESSIVE;
				GCC_WARN_UNUSED_FUNCTION = YES;
				GCC_WARN_UNUSED_VARIABLE = YES;
				IPHONEOS_DEPLOYMENT_TARGET = 10.3;
				MTL_ENABLE_DEBUG_INFO = YES;
				ONLY_ACTIVE_ARCH = YES;
				SDKROOT = iphoneos;
				SWIFT_ACTIVE_COMPILATION_CONDITIONS = DEBUG;
				SWIFT_OPTIMIZATION_LEVEL = "-Onone";
			};
			name = Debug;
		};
		B5CA55471F0E875600634433 /* Release */ = {
			isa = XCBuildConfiguration;
			buildSettings = {
				ALWAYS_SEARCH_USER_PATHS = NO;
				CLANG_ANALYZER_NONNULL = YES;
				CLANG_ANALYZER_NUMBER_OBJECT_CONVERSION = YES_AGGRESSIVE;
				CLANG_CXX_LANGUAGE_STANDARD = "gnu++0x";
				CLANG_CXX_LIBRARY = "libc++";
				CLANG_ENABLE_MODULES = YES;
				CLANG_ENABLE_OBJC_ARC = YES;
				CLANG_WARN_BLOCK_CAPTURE_AUTORELEASING = YES;
				CLANG_WARN_BOOL_CONVERSION = YES;
				CLANG_WARN_COMMA = YES;
				CLANG_WARN_CONSTANT_CONVERSION = YES;
				CLANG_WARN_DIRECT_OBJC_ISA_USAGE = YES_ERROR;
				CLANG_WARN_DOCUMENTATION_COMMENTS = YES;
				CLANG_WARN_EMPTY_BODY = YES;
				CLANG_WARN_ENUM_CONVERSION = YES;
				CLANG_WARN_INFINITE_RECURSION = YES;
				CLANG_WARN_INT_CONVERSION = YES;
				CLANG_WARN_NON_LITERAL_NULL_CONVERSION = YES;
				CLANG_WARN_OBJC_LITERAL_CONVERSION = YES;
				CLANG_WARN_OBJC_ROOT_CLASS = YES_ERROR;
				CLANG_WARN_RANGE_LOOP_ANALYSIS = YES;
				CLANG_WARN_STRICT_PROTOTYPES = YES;
				CLANG_WARN_SUSPICIOUS_MOVE = YES;
				CLANG_WARN_UNREACHABLE_CODE = YES;
				CLANG_WARN__DUPLICATE_METHOD_MATCH = YES;
				"CODE_SIGN_IDENTITY[sdk=iphoneos*]" = "iPhone Developer";
				COPY_PHASE_STRIP = NO;
				DEBUG_INFORMATION_FORMAT = "dwarf-with-dsym";
				ENABLE_NS_ASSERTIONS = NO;
				ENABLE_STRICT_OBJC_MSGSEND = YES;
				GCC_C_LANGUAGE_STANDARD = gnu99;
				GCC_NO_COMMON_BLOCKS = YES;
				GCC_WARN_64_TO_32_BIT_CONVERSION = YES;
				GCC_WARN_ABOUT_RETURN_TYPE = YES_ERROR;
				GCC_WARN_UNDECLARED_SELECTOR = YES;
				GCC_WARN_UNINITIALIZED_AUTOS = YES_AGGRESSIVE;
				GCC_WARN_UNUSED_FUNCTION = YES;
				GCC_WARN_UNUSED_VARIABLE = YES;
				IPHONEOS_DEPLOYMENT_TARGET = 10.3;
				MTL_ENABLE_DEBUG_INFO = NO;
				SDKROOT = iphoneos;
				SWIFT_OPTIMIZATION_LEVEL = "-Owholemodule";
				VALIDATE_PRODUCT = YES;
			};
			name = Release;
		};
		B5CA55491F0E875600634433 /* Debug */ = {
			isa = XCBuildConfiguration;
			buildSettings = {
				ASSETCATALOG_COMPILER_APPICON_NAME = AppIcon;
				"CODE_SIGN_IDENTITY[sdk=iphoneos*]" = "iPhone Developer";
				DEVELOPMENT_TEAM = "";
				INFOPLIST_FILE = "Circular Shooter/Info.plist";
				IPHONEOS_DEPLOYMENT_TARGET = 8.0;
				LD_RUNPATH_SEARCH_PATHS = "$(inherited) @executable_path/Frameworks";
				PRODUCT_BUNDLE_IDENTIFIER = com.bgsoftwarestudios.dotattackgame;
				PRODUCT_NAME = "$(TARGET_NAME)";
				PROVISIONING_PROFILE = "";
				PROVISIONING_PROFILE_SPECIFIER = "";
				SWIFT_SWIFT3_OBJC_INFERENCE = On;
				SWIFT_VERSION = 4.0;
				TARGETED_DEVICE_FAMILY = "1,2";
			};
			name = Debug;
		};
		B5CA554A1F0E875600634433 /* Release */ = {
			isa = XCBuildConfiguration;
			buildSettings = {
				ASSETCATALOG_COMPILER_APPICON_NAME = AppIcon;
				"CODE_SIGN_IDENTITY[sdk=iphoneos*]" = "iPhone Developer";
				DEVELOPMENT_TEAM = "";
				INFOPLIST_FILE = "Circular Shooter/Info.plist";
				IPHONEOS_DEPLOYMENT_TARGET = 8.0;
				LD_RUNPATH_SEARCH_PATHS = "$(inherited) @executable_path/Frameworks";
				PRODUCT_BUNDLE_IDENTIFIER = com.bgsoftwarestudios.dotattackgame;
				PRODUCT_NAME = "$(TARGET_NAME)";
				PROVISIONING_PROFILE = "";
				PROVISIONING_PROFILE_SPECIFIER = "";
				SWIFT_SWIFT3_OBJC_INFERENCE = On;
				SWIFT_VERSION = 4.0;
				TARGETED_DEVICE_FAMILY = "1,2";
			};
			name = Release;
		};
/* End XCBuildConfiguration section */

/* Begin XCConfigurationList section */
		B5CA552B1F0E875600634433 /* Build configuration list for PBXProject "Dot Attack" */ = {
			isa = XCConfigurationList;
			buildConfigurations = (
				B5CA55461F0E875600634433 /* Debug */,
				B5CA55471F0E875600634433 /* Release */,
			);
			defaultConfigurationIsVisible = 0;
			defaultConfigurationName = Release;
		};
		B5CA55481F0E875600634433 /* Build configuration list for PBXNativeTarget "Dot Attack" */ = {
			isa = XCConfigurationList;
			buildConfigurations = (
				B5CA55491F0E875600634433 /* Debug */,
				B5CA554A1F0E875600634433 /* Release */,
			);
			defaultConfigurationIsVisible = 0;
			defaultConfigurationName = Release;
		};
/* End XCConfigurationList section */
	};
	rootObject = B5CA55281F0E875600634433 /* Project object */;
}
