// !$*UTF8*$!
{
	archiveVersion = 1;
	classes = {
	};
	objectVersion = 50;
	objects = {

/* Begin PBXBuildFile section */
		B528ED08233D9FF600FD2097 /* AppDelegate.swift in Sources */ = {isa = PBXBuildFile; fileRef = B528ED07233D9FF600FD2097 /* AppDelegate.swift */; };
		B528ED0A233D9FF600FD2097 /* SceneDelegate.swift in Sources */ = {isa = PBXBuildFile; fileRef = B528ED09233D9FF600FD2097 /* SceneDelegate.swift */; };
		B528ED0C233D9FF600FD2097 /* ContentView.swift in Sources */ = {isa = PBXBuildFile; fileRef = B528ED0B233D9FF600FD2097 /* ContentView.swift */; };
		B528ED0E233D9FF800FD2097 /* Assets.xcassets in Resources */ = {isa = PBXBuildFile; fileRef = B528ED0D233D9FF800FD2097 /* Assets.xcassets */; };
		B528ED11233D9FF800FD2097 /* Preview Assets.xcassets in Resources */ = {isa = PBXBuildFile; fileRef = B528ED10233D9FF800FD2097 /* Preview Assets.xcassets */; };
		B528ED14233D9FF800FD2097 /* LaunchScreen.storyboard in Resources */ = {isa = PBXBuildFile; fileRef = B528ED12233D9FF800FD2097 /* LaunchScreen.storyboard */; };
		B528ED1F233D9FF800FD2097 /* SwiftUITestingOneTests.swift in Sources */ = {isa = PBXBuildFile; fileRef = B528ED1E233D9FF800FD2097 /* SwiftUITestingOneTests.swift */; };
		B528ED2A233D9FF900FD2097 /* SwiftUITestingOneUITests.swift in Sources */ = {isa = PBXBuildFile; fileRef = B528ED29233D9FF900FD2097 /* SwiftUITestingOneUITests.swift */; };
/* End PBXBuildFile section */

/* Begin PBXContainerItemProxy section */
		B528ED1B233D9FF800FD2097 /* PBXContainerItemProxy */ = {
			isa = PBXContainerItemProxy;
			containerPortal = B528ECFC233D9FF600FD2097 /* Project object */;
			proxyType = 1;
			remoteGlobalIDString = B528ED03233D9FF600FD2097;
			remoteInfo = SwiftUITestingOne;
		};
		B528ED26233D9FF800FD2097 /* PBXContainerItemProxy */ = {
			isa = PBXContainerItemProxy;
			containerPortal = B528ECFC233D9FF600FD2097 /* Project object */;
			proxyType = 1;
			remoteGlobalIDString = B528ED03233D9FF600FD2097;
			remoteInfo = SwiftUITestingOne;
		};
/* End PBXContainerItemProxy section */

/* Begin PBXFileReference section */
		B528ED04233D9FF600FD2097 /* SwiftUITestingOne.app */ = {isa = PBXFileReference; explicitFileType = wrapper.application; includeInIndex = 0; path = SwiftUITestingOne.app; sourceTree = BUILT_PRODUCTS_DIR; };
		B528ED07233D9FF600FD2097 /* AppDelegate.swift */ = {isa = PBXFileReference; lastKnownFileType = sourcecode.swift; path = AppDelegate.swift; sourceTree = "<group>"; };
		B528ED09233D9FF600FD2097 /* SceneDelegate.swift */ = {isa = PBXFileReference; lastKnownFileType = sourcecode.swift; path = SceneDelegate.swift; sourceTree = "<group>"; };
		B528ED0B233D9FF600FD2097 /* ContentView.swift */ = {isa = PBXFileReference; lastKnownFileType = sourcecode.swift; path = ContentView.swift; sourceTree = "<group>"; };
		B528ED0D233D9FF800FD2097 /* Assets.xcassets */ = {isa = PBXFileReference; lastKnownFileType = folder.assetcatalog; path = Assets.xcassets; sourceTree = "<group>"; };
		B528ED10233D9FF800FD2097 /* Preview Assets.xcassets */ = {isa = PBXFileReference; lastKnownFileType = folder.assetcatalog; path = "Preview Assets.xcassets"; sourceTree = "<group>"; };
		B528ED13233D9FF800FD2097 /* Base */ = {isa = PBXFileReference; lastKnownFileType = file.storyboard; name = Base; path = Base.lproj/LaunchScreen.storyboard; sourceTree = "<group>"; };
		B528ED15233D9FF800FD2097 /* Info.plist */ = {isa = PBXFileReference; lastKnownFileType = text.plist.xml; path = Info.plist; sourceTree = "<group>"; };
		B528ED1A233D9FF800FD2097 /* SwiftUITestingOneTests.xctest */ = {isa = PBXFileReference; explicitFileType = wrapper.cfbundle; includeInIndex = 0; path = SwiftUITestingOneTests.xctest; sourceTree = BUILT_PRODUCTS_DIR; };
		B528ED1E233D9FF800FD2097 /* SwiftUITestingOneTests.swift */ = {isa = PBXFileReference; lastKnownFileType = sourcecode.swift; path = SwiftUITestingOneTests.swift; sourceTree = "<group>"; };
		B528ED20233D9FF800FD2097 /* Info.plist */ = {isa = PBXFileReference; lastKnownFileType = text.plist.xml; path = Info.plist; sourceTree = "<group>"; };
		B528ED25233D9FF800FD2097 /* SwiftUITestingOneUITests.xctest */ = {isa = PBXFileReference; explicitFileType = wrapper.cfbundle; includeInIndex = 0; path = SwiftUITestingOneUITests.xctest; sourceTree = BUILT_PRODUCTS_DIR; };
		B528ED29233D9FF900FD2097 /* SwiftUITestingOneUITests.swift */ = {isa = PBXFileReference; lastKnownFileType = sourcecode.swift; path = SwiftUITestingOneUITests.swift; sourceTree = "<group>"; };
		B528ED2B233D9FF900FD2097 /* Info.plist */ = {isa = PBXFileReference; lastKnownFileType = text.plist.xml; path = Info.plist; sourceTree = "<group>"; };
/* End PBXFileReference section */

/* Begin PBXFrameworksBuildPhase section */
		B528ED01233D9FF600FD2097 /* Frameworks */ = {
			isa = PBXFrameworksBuildPhase;
			buildActionMask = 2147483647;
			files = (
			);
			runOnlyForDeploymentPostprocessing = 0;
		};
		B528ED17233D9FF800FD2097 /* Frameworks */ = {
			isa = PBXFrameworksBuildPhase;
			buildActionMask = 2147483647;
			files = (
			);
			runOnlyForDeploymentPostprocessing = 0;
		};
		B528ED22233D9FF800FD2097 /* Frameworks */ = {
			isa = PBXFrameworksBuildPhase;
			buildActionMask = 2147483647;
			files = (
			);
			runOnlyForDeploymentPostprocessing = 0;
		};
/* End PBXFrameworksBuildPhase section */

/* Begin PBXGroup section */
		B528ECFB233D9FF600FD2097 = {
			isa = PBXGroup;
			children = (
				B528ED06233D9FF600FD2097 /* SwiftUITestingOne */,
				B528ED1D233D9FF800FD2097 /* SwiftUITestingOneTests */,
				B528ED28233D9FF900FD2097 /* SwiftUITestingOneUITests */,
				B528ED05233D9FF600FD2097 /* Products */,
			);
			sourceTree = "<group>";
		};
		B528ED05233D9FF600FD2097 /* Products */ = {
			isa = PBXGroup;
			children = (
				B528ED04233D9FF600FD2097 /* SwiftUITestingOne.app */,
				B528ED1A233D9FF800FD2097 /* SwiftUITestingOneTests.xctest */,
				B528ED25233D9FF800FD2097 /* SwiftUITestingOneUITests.xctest */,
			);
			name = Products;
			sourceTree = "<group>";
		};
		B528ED06233D9FF600FD2097 /* SwiftUITestingOne */ = {
			isa = PBXGroup;
			children = (
				B528ED07233D9FF600FD2097 /* AppDelegate.swift */,
				B528ED09233D9FF600FD2097 /* SceneDelegate.swift */,
				B528ED0B233D9FF600FD2097 /* ContentView.swift */,
				B528ED0D233D9FF800FD2097 /* Assets.xcassets */,
				B528ED12233D9FF800FD2097 /* LaunchScreen.storyboard */,
				B528ED15233D9FF800FD2097 /* Info.plist */,
				B528ED0F233D9FF800FD2097 /* Preview Content */,
			);
			path = SwiftUITestingOne;
			sourceTree = "<group>";
		};
		B528ED0F233D9FF800FD2097 /* Preview Content */ = {
			isa = PBXGroup;
			children = (
				B528ED10233D9FF800FD2097 /* Preview Assets.xcassets */,
			);
			path = "Preview Content";
			sourceTree = "<group>";
		};
		B528ED1D233D9FF800FD2097 /* SwiftUITestingOneTests */ = {
			isa = PBXGroup;
			children = (
				B528ED1E233D9FF800FD2097 /* SwiftUITestingOneTests.swift */,
				B528ED20233D9FF800FD2097 /* Info.plist */,
			);
			path = SwiftUITestingOneTests;
			sourceTree = "<group>";
		};
		B528ED28233D9FF900FD2097 /* SwiftUITestingOneUITests */ = {
			isa = PBXGroup;
			children = (
				B528ED29233D9FF900FD2097 /* SwiftUITestingOneUITests.swift */,
				B528ED2B233D9FF900FD2097 /* Info.plist */,
			);
			path = SwiftUITestingOneUITests;
			sourceTree = "<group>";
		};
/* End PBXGroup section */

/* Begin PBXNativeTarget section */
		B528ED03233D9FF600FD2097 /* SwiftUITestingOne */ = {
			isa = PBXNativeTarget;
			buildConfigurationList = B528ED2E233D9FF900FD2097 /* Build configuration list for PBXNativeTarget "SwiftUITestingOne" */;
			buildPhases = (
				B528ED00233D9FF600FD2097 /* Sources */,
				B528ED01233D9FF600FD2097 /* Frameworks */,
				B528ED02233D9FF600FD2097 /* Resources */,
			);
			buildRules = (
			);
			dependencies = (
			);
			name = SwiftUITestingOne;
			productName = SwiftUITestingOne;
			productReference = B528ED04233D9FF600FD2097 /* SwiftUITestingOne.app */;
			productType = "com.apple.product-type.application";
		};
		B528ED19233D9FF800FD2097 /* SwiftUITestingOneTests */ = {
			isa = PBXNativeTarget;
			buildConfigurationList = B528ED31233D9FF900FD2097 /* Build configuration list for PBXNativeTarget "SwiftUITestingOneTests" */;
			buildPhases = (
				B528ED16233D9FF800FD2097 /* Sources */,
				B528ED17233D9FF800FD2097 /* Frameworks */,
				B528ED18233D9FF800FD2097 /* Resources */,
			);
			buildRules = (
			);
			dependencies = (
				B528ED1C233D9FF800FD2097 /* PBXTargetDependency */,
			);
			name = SwiftUITestingOneTests;
			productName = SwiftUITestingOneTests;
			productReference = B528ED1A233D9FF800FD2097 /* SwiftUITestingOneTests.xctest */;
			productType = "com.apple.product-type.bundle.unit-test";
		};
		B528ED24233D9FF800FD2097 /* SwiftUITestingOneUITests */ = {
			isa = PBXNativeTarget;
			buildConfigurationList = B528ED34233D9FF900FD2097 /* Build configuration list for PBXNativeTarget "SwiftUITestingOneUITests" */;
			buildPhases = (
				B528ED21233D9FF800FD2097 /* Sources */,
				B528ED22233D9FF800FD2097 /* Frameworks */,
				B528ED23233D9FF800FD2097 /* Resources */,
			);
			buildRules = (
			);
			dependencies = (
				B528ED27233D9FF800FD2097 /* PBXTargetDependency */,
			);
			name = SwiftUITestingOneUITests;
			productName = SwiftUITestingOneUITests;
			productReference = B528ED25233D9FF800FD2097 /* SwiftUITestingOneUITests.xctest */;
			productType = "com.apple.product-type.bundle.ui-testing";
		};
/* End PBXNativeTarget section */

/* Begin PBXProject section */
		B528ECFC233D9FF600FD2097 /* Project object */ = {
			isa = PBXProject;
			attributes = {
				LastSwiftUpdateCheck = 1100;
				LastUpgradeCheck = 1100;
				ORGANIZATIONNAME = "Ben Gavan";
				TargetAttributes = {
					B528ED03233D9FF600FD2097 = {
						CreatedOnToolsVersion = 11.0;
					};
					B528ED19233D9FF800FD2097 = {
						CreatedOnToolsVersion = 11.0;
						TestTargetID = B528ED03233D9FF600FD2097;
					};
					B528ED24233D9FF800FD2097 = {
						CreatedOnToolsVersion = 11.0;
						TestTargetID = B528ED03233D9FF600FD2097;
					};
				};
			};
			buildConfigurationList = B528ECFF233D9FF600FD2097 /* Build configuration list for PBXProject "SwiftUITestingOne" */;
			compatibilityVersion = "Xcode 9.3";
			developmentRegion = en;
			hasScannedForEncodings = 0;
			knownRegions = (
				en,
				Base,
			);
			mainGroup = B528ECFB233D9FF600FD2097;
			productRefGroup = B528ED05233D9FF600FD2097 /* Products */;
			projectDirPath = "";
			projectRoot = "";
			targets = (
				B528ED03233D9FF600FD2097 /* SwiftUITestingOne */,
				B528ED19233D9FF800FD2097 /* SwiftUITestingOneTests */,
				B528ED24233D9FF800FD2097 /* SwiftUITestingOneUITests */,
			);
		};
/* End PBXProject section */

/* Begin PBXResourcesBuildPhase section */
		B528ED02233D9FF600FD2097 /* Resources */ = {
			isa = PBXResourcesBuildPhase;
			buildActionMask = 2147483647;
			files = (
				B528ED14233D9FF800FD2097 /* LaunchScreen.storyboard in Resources */,
				B528ED11233D9FF800FD2097 /* Preview Assets.xcassets in Resources */,
				B528ED0E233D9FF800FD2097 /* Assets.xcassets in Resources */,
			);
			runOnlyForDeploymentPostprocessing = 0;
		};
		B528ED18233D9FF800FD2097 /* Resources */ = {
			isa = PBXResourcesBuildPhase;
			buildActionMask = 2147483647;
			files = (
			);
			runOnlyForDeploymentPostprocessing = 0;
		};
		B528ED23233D9FF800FD2097 /* Resources */ = {
			isa = PBXResourcesBuildPhase;
			buildActionMask = 2147483647;
			files = (
			);
			runOnlyForDeploymentPostprocessing = 0;
		};
/* End PBXResourcesBuildPhase section */

/* Begin PBXSourcesBuildPhase section */
		B528ED00233D9FF600FD2097 /* Sources */ = {
			isa = PBXSourcesBuildPhase;
			buildActionMask = 2147483647;
			files = (
				B528ED08233D9FF600FD2097 /* AppDelegate.swift in Sources */,
				B528ED0A233D9FF600FD2097 /* SceneDelegate.swift in Sources */,
				B528ED0C233D9FF600FD2097 /* ContentView.swift in Sources */,
			);
			runOnlyForDeploymentPostprocessing = 0;
		};
		B528ED16233D9FF800FD2097 /* Sources */ = {
			isa = PBXSourcesBuildPhase;
			buildActionMask = 2147483647;
			files = (
				B528ED1F233D9FF800FD2097 /* SwiftUITestingOneTests.swift in Sources */,
			);
			runOnlyForDeploymentPostprocessing = 0;
		};
		B528ED21233D9FF800FD2097 /* Sources */ = {
			isa = PBXSourcesBuildPhase;
			buildActionMask = 2147483647;
			files = (
				B528ED2A233D9FF900FD2097 /* SwiftUITestingOneUITests.swift in Sources */,
			);
			runOnlyForDeploymentPostprocessing = 0;
		};
/* End PBXSourcesBuildPhase section */

/* Begin PBXTargetDependency section */
		B528ED1C233D9FF800FD2097 /* PBXTargetDependency */ = {
			isa = PBXTargetDependency;
			target = B528ED03233D9FF600FD2097 /* SwiftUITestingOne */;
			targetProxy = B528ED1B233D9FF800FD2097 /* PBXContainerItemProxy */;
		};
		B528ED27233D9FF800FD2097 /* PBXTargetDependency */ = {
			isa = PBXTargetDependency;
			target = B528ED03233D9FF600FD2097 /* SwiftUITestingOne */;
			targetProxy = B528ED26233D9FF800FD2097 /* PBXContainerItemProxy */;
		};
/* End PBXTargetDependency section */

/* Begin PBXVariantGroup section */
		B528ED12233D9FF800FD2097 /* LaunchScreen.storyboard */ = {
			isa = PBXVariantGroup;
			children = (
				B528ED13233D9FF800FD2097 /* Base */,
			);
			name = LaunchScreen.storyboard;
			sourceTree = "<group>";
		};
/* End PBXVariantGroup section */

/* Begin XCBuildConfiguration section */
		B528ED2C233D9FF900FD2097 /* Debug */ = {
			isa = XCBuildConfiguration;
			buildSettings = {
				ALWAYS_SEARCH_USER_PATHS = NO;
				CLANG_ANALYZER_NONNULL = YES;
				CLANG_ANALYZER_NUMBER_OBJECT_CONVERSION = YES_AGGRESSIVE;
				CLANG_CXX_LANGUAGE_STANDARD = "gnu++14";
				CLANG_CXX_LIBRARY = "libc++";
				CLANG_ENABLE_MODULES = YES;
				CLANG_ENABLE_OBJC_ARC = YES;
				CLANG_ENABLE_OBJC_WEAK = YES;
				CLANG_WARN_BLOCK_CAPTURE_AUTORELEASING = YES;
				CLANG_WARN_BOOL_CONVERSION = YES;
				CLANG_WARN_COMMA = YES;
				CLANG_WARN_CONSTANT_CONVERSION = YES;
				CLANG_WARN_DEPRECATED_OBJC_IMPLEMENTATIONS = YES;
				CLANG_WARN_DIRECT_OBJC_ISA_USAGE = YES_ERROR;
				CLANG_WARN_DOCUMENTATION_COMMENTS = YES;
				CLANG_WARN_EMPTY_BODY = YES;
				CLANG_WARN_ENUM_CONVERSION = YES;
				CLANG_WARN_INFINITE_RECURSION = YES;
				CLANG_WARN_INT_CONVERSION = YES;
				CLANG_WARN_NON_LITERAL_NULL_CONVERSION = YES;
				CLANG_WARN_OBJC_IMPLICIT_RETAIN_SELF = YES;
				CLANG_WARN_OBJC_LITERAL_CONVERSION = YES;
				CLANG_WARN_OBJC_ROOT_CLASS = YES_ERROR;
				CLANG_WARN_RANGE_LOOP_ANALYSIS = YES;
				CLANG_WARN_STRICT_PROTOTYPES = YES;
				CLANG_WARN_SUSPICIOUS_MOVE = YES;
				CLANG_WARN_UNGUARDED_AVAILABILITY = YES_AGGRESSIVE;
				CLANG_WARN_UNREACHABLE_CODE = YES;
				CLANG_WARN__DUPLICATE_METHOD_MATCH = YES;
				COPY_PHASE_STRIP = NO;
				DEBUG_INFORMATION_FORMAT = dwarf;
				ENABLE_STRICT_OBJC_MSGSEND = YES;
				ENABLE_TESTABILITY = YES;
				GCC_C_LANGUAGE_STANDARD = gnu11;
				GCC_DYNAMIC_NO_PIC = NO;
				GCC_NO_COMMON_BLOCKS = YES;
				GCC_OPTIMIZATION_LEVEL = 0;
				GCC_PREPROCESSOR_DEFINITIONS = (
					"DEBUG=1",
					"$(inherited)",
				);
				GCC_WARN_64_TO_32_BIT_CONVERSION = YES;
				GCC_WARN_ABOUT_RETURN_TYPE = YES_ERROR;
				GCC_WARN_UNDECLARED_SELECTOR = YES;
				GCC_WARN_UNINITIALIZED_AUTOS = YES_AGGRESSIVE;
				GCC_WARN_UNUSED_FUNCTION = YES;
				GCC_WARN_UNUSED_VARIABLE = YES;
				IPHONEOS_DEPLOYMENT_TARGET = 13.0;
				MTL_ENABLE_DEBUG_INFO = INCLUDE_SOURCE;
				MTL_FAST_MATH = YES;
				ONLY_ACTIVE_ARCH = YES;
				SDKROOT = iphoneos;
				SWIFT_ACTIVE_COMPILATION_CONDITIONS = DEBUG;
				SWIFT_OPTIMIZATION_LEVEL = "-Onone";
			};
			name = Debug;
		};
		B528ED2D233D9FF900FD2097 /* Release */ = {
			isa = XCBuildConfiguration;
			buildSettings = {
				ALWAYS_SEARCH_USER_PATHS = NO;
				CLANG_ANALYZER_NONNULL = YES;
				CLANG_ANALYZER_NUMBER_OBJECT_CONVERSION = YES_AGGRESSIVE;
				CLANG_CXX_LANGUAGE_STANDARD = "gnu++14";
				CLANG_CXX_LIBRARY = "libc++";
				CLANG_ENABLE_MODULES = YES;
				CLANG_ENABLE_OBJC_ARC = YES;
				CLANG_ENABLE_OBJC_WEAK = YES;
				CLANG_WARN_BLOCK_CAPTURE_AUTORELEASING = YES;
				CLANG_WARN_BOOL_CONVERSION = YES;
				CLANG_WARN_COMMA = YES;
				CLANG_WARN_CONSTANT_CONVERSION = YES;
				CLANG_WARN_DEPRECATED_OBJC_IMPLEMENTATIONS = YES;
				CLANG_WARN_DIRECT_OBJC_ISA_USAGE = YES_ERROR;
				CLANG_WARN_DOCUMENTATION_COMMENTS = YES;
				CLANG_WARN_EMPTY_BODY = YES;
				CLANG_WARN_ENUM_CONVERSION = YES;
				CLANG_WARN_INFINITE_RECURSION = YES;
				CLANG_WARN_INT_CONVERSION = YES;
				CLANG_WARN_NON_LITERAL_NULL_CONVERSION = YES;
				CLANG_WARN_OBJC_IMPLICIT_RETAIN_SELF = YES;
				CLANG_WARN_OBJC_LITERAL_CONVERSION = YES;
				CLANG_WARN_OBJC_ROOT_CLASS = YES_ERROR;
				CLANG_WARN_RANGE_LOOP_ANALYSIS = YES;
				CLANG_WARN_STRICT_PROTOTYPES = YES;
				CLANG_WARN_SUSPICIOUS_MOVE = YES;
				CLANG_WARN_UNGUARDED_AVAILABILITY = YES_AGGRESSIVE;
				CLANG_WARN_UNREACHABLE_CODE = YES;
				CLANG_WARN__DUPLICATE_METHOD_MATCH = YES;
				COPY_PHASE_STRIP = NO;
				DEBUG_INFORMATION_FORMAT = "dwarf-with-dsym";
				ENABLE_NS_ASSERTIONS = NO;
				ENABLE_STRICT_OBJC_MSGSEND = YES;
				GCC_C_LANGUAGE_STANDARD = gnu11;
				GCC_NO_COMMON_BLOCKS = YES;
				GCC_WARN_64_TO_32_BIT_CONVERSION = YES;
				GCC_WARN_ABOUT_RETURN_TYPE = YES_ERROR;
				GCC_WARN_UNDECLARED_SELECTOR = YES;
				GCC_WARN_UNINITIALIZED_AUTOS = YES_AGGRESSIVE;
				GCC_WARN_UNUSED_FUNCTION = YES;
				GCC_WARN_UNUSED_VARIABLE = YES;
				IPHONEOS_DEPLOYMENT_TARGET = 13.0;
				MTL_ENABLE_DEBUG_INFO = NO;
				MTL_FAST_MATH = YES;
				SDKROOT = iphoneos;
				SWIFT_COMPILATION_MODE = wholemodule;
				SWIFT_OPTIMIZATION_LEVEL = "-O";
				VALIDATE_PRODUCT = YES;
			};
			name = Release;
		};
		B528ED2F233D9FF900FD2097 /* Debug */ = {
			isa = XCBuildConfiguration;
			buildSettings = {
				ASSETCATALOG_COMPILER_APPICON_NAME = AppIcon;
				CODE_SIGN_STYLE = Automatic;
				DEVELOPMENT_ASSET_PATHS = "\"SwiftUITestingOne/Preview Content\"";
				ENABLE_PREVIEWS = YES;
				INFOPLIST_FILE = SwiftUITestingOne/Info.plist;
				LD_RUNPATH_SEARCH_PATHS = (
					"$(inherited)",
					"@executable_path/Frameworks",
				);
				PRODUCT_BUNDLE_IDENTIFIER = com.bengavan.SwiftUITestingOne;
				PRODUCT_NAME = "$(TARGET_NAME)";
				SWIFT_VERSION = 5.0;
				TARGETED_DEVICE_FAMILY = "1,2";
			};
			name = Debug;
		};
		B528ED30233D9FF900FD2097 /* Release */ = {
			isa = XCBuildConfiguration;
			buildSettings = {
				ASSETCATALOG_COMPILER_APPICON_NAME = AppIcon;
				CODE_SIGN_STYLE = Automatic;
				DEVELOPMENT_ASSET_PATHS = "\"SwiftUITestingOne/Preview Content\"";
				ENABLE_PREVIEWS = YES;
				INFOPLIST_FILE = SwiftUITestingOne/Info.plist;
				LD_RUNPATH_SEARCH_PATHS = (
					"$(inherited)",
					"@executable_path/Frameworks",
				);
				PRODUCT_BUNDLE_IDENTIFIER = com.bengavan.SwiftUITestingOne;
				PRODUCT_NAME = "$(TARGET_NAME)";
				SWIFT_VERSION = 5.0;
				TARGETED_DEVICE_FAMILY = "1,2";
			};
			name = Release;
		};
		B528ED32233D9FF900FD2097 /* Debug */ = {
			isa = XCBuildConfiguration;
			buildSettings = {
				ALWAYS_EMBED_SWIFT_STANDARD_LIBRARIES = YES;
				BUNDLE_LOADER = "$(TEST_HOST)";
				CODE_SIGN_STYLE = Automatic;
				INFOPLIST_FILE = SwiftUITestingOneTests/Info.plist;
				IPHONEOS_DEPLOYMENT_TARGET = 13.0;
				LD_RUNPATH_SEARCH_PATHS = (
					"$(inherited)",
					"@executable_path/Frameworks",
					"@loader_path/Frameworks",
				);
				PRODUCT_BUNDLE_IDENTIFIER = com.bengavan.SwiftUITestingOneTests;
				PRODUCT_NAME = "$(TARGET_NAME)";
				SWIFT_VERSION = 5.0;
				TARGETED_DEVICE_FAMILY = "1,2";
				TEST_HOST = "$(BUILT_PRODUCTS_DIR)/SwiftUITestingOne.app/SwiftUITestingOne";
			};
			name = Debug;
		};
		B528ED33233D9FF900FD2097 /* Release */ = {
			isa = XCBuildConfiguration;
			buildSettings = {
				ALWAYS_EMBED_SWIFT_STANDARD_LIBRARIES = YES;
				BUNDLE_LOADER = "$(TEST_HOST)";
				CODE_SIGN_STYLE = Automatic;
				INFOPLIST_FILE = SwiftUITestingOneTests/Info.plist;
				IPHONEOS_DEPLOYMENT_TARGET = 13.0;
				LD_RUNPATH_SEARCH_PATHS = (
					"$(inherited)",
					"@executable_path/Frameworks",
					"@loader_path/Frameworks",
				);
				PRODUCT_BUNDLE_IDENTIFIER = com.bengavan.SwiftUITestingOneTests;
				PRODUCT_NAME = "$(TARGET_NAME)";
				SWIFT_VERSION = 5.0;
				TARGETED_DEVICE_FAMILY = "1,2";
				TEST_HOST = "$(BUILT_PRODUCTS_DIR)/SwiftUITestingOne.app/SwiftUITestingOne";
			};
			name = Release;
		};
		B528ED35233D9FF900FD2097 /* Debug */ = {
			isa = XCBuildConfiguration;
			buildSettings = {
				ALWAYS_EMBED_SWIFT_STANDARD_LIBRARIES = YES;
				CODE_SIGN_STYLE = Automatic;
				INFOPLIST_FILE = SwiftUITestingOneUITests/Info.plist;
				LD_RUNPATH_SEARCH_PATHS = (
					"$(inherited)",
					"@executable_path/Frameworks",
					"@loader_path/Frameworks",
				);
				PRODUCT_BUNDLE_IDENTIFIER = com.bengavan.SwiftUITestingOneUITests;
				PRODUCT_NAME = "$(TARGET_NAME)";
				SWIFT_VERSION = 5.0;
				TARGETED_DEVICE_FAMILY = "1,2";
				TEST_TARGET_NAME = SwiftUITestingOne;
			};
			name = Debug;
		};
		B528ED36233D9FF900FD2097 /* Release */ = {
			isa = XCBuildConfiguration;
			buildSettings = {
				ALWAYS_EMBED_SWIFT_STANDARD_LIBRARIES = YES;
				CODE_SIGN_STYLE = Automatic;
				INFOPLIST_FILE = SwiftUITestingOneUITests/Info.plist;
				LD_RUNPATH_SEARCH_PATHS = (
					"$(inherited)",
					"@executable_path/Frameworks",
					"@loader_path/Frameworks",
				);
				PRODUCT_BUNDLE_IDENTIFIER = com.bengavan.SwiftUITestingOneUITests;
				PRODUCT_NAME = "$(TARGET_NAME)";
				SWIFT_VERSION = 5.0;
				TARGETED_DEVICE_FAMILY = "1,2";
				TEST_TARGET_NAME = SwiftUITestingOne;
			};
			name = Release;
		};
/* End XCBuildConfiguration section */

/* Begin XCConfigurationList section */
		B528ECFF233D9FF600FD2097 /* Build configuration list for PBXProject "SwiftUITestingOne" */ = {
			isa = XCConfigurationList;
			buildConfigurations = (
				B528ED2C233D9FF900FD2097 /* Debug */,
				B528ED2D233D9FF900FD2097 /* Release */,
			);
			defaultConfigurationIsVisible = 0;
			defaultConfigurationName = Release;
		};
		B528ED2E233D9FF900FD2097 /* Build configuration list for PBXNativeTarget "SwiftUITestingOne" */ = {
			isa = XCConfigurationList;
			buildConfigurations = (
				B528ED2F233D9FF900FD2097 /* Debug */,
				B528ED30233D9FF900FD2097 /* Release */,
			);
			defaultConfigurationIsVisible = 0;
			defaultConfigurationName = Release;
		};
		B528ED31233D9FF900FD2097 /* Build configuration list for PBXNativeTarget "SwiftUITestingOneTests" */ = {
			isa = XCConfigurationList;
			buildConfigurations = (
				B528ED32233D9FF900FD2097 /* Debug */,
				B528ED33233D9FF900FD2097 /* Release */,
			);
			defaultConfigurationIsVisible = 0;
			defaultConfigurationName = Release;
		};
		B528ED34233D9FF900FD2097 /* Build configuration list for PBXNativeTarget "SwiftUITestingOneUITests" */ = {
			isa = XCConfigurationList;
			buildConfigurations = (
				B528ED35233D9FF900FD2097 /* Debug */,
				B528ED36233D9FF900FD2097 /* Release */,
			);
			defaultConfigurationIsVisible = 0;
			defaultConfigurationName = Release;
		};
/* End XCConfigurationList section */
	};
	rootObject = B528ECFC233D9FF600FD2097 /* Project object */;
}
