// !$*UTF8*$!
{
	archiveVersion = 1;
	classes = {
	};
	objectVersion = 50;
	objects = {

/* Begin PBXBuildFile section */
		B531DFF42527A38D002B1799 /* AppDelegate.swift in Sources */ = {isa = PBXBuildFile; fileRef = B531DFF32527A38D002B1799 /* AppDelegate.swift */; };
		B531DFF62527A38D002B1799 /* SceneDelegate.swift in Sources */ = {isa = PBXBuildFile; fileRef = B531DFF52527A38D002B1799 /* SceneDelegate.swift */; };
		B531DFF82527A38D002B1799 /* ViewController.swift in Sources */ = {isa = PBXBuildFile; fileRef = B531DFF72527A38D002B1799 /* ViewController.swift */; };
		B531DFFB2527A38D002B1799 /* Main.storyboard in Resources */ = {isa = PBXBuildFile; fileRef = B531DFF92527A38D002B1799 /* Main.storyboard */; };
		B531DFFD2527A394002B1799 /* Assets.xcassets in Resources */ = {isa = PBXBuildFile; fileRef = B531DFFC2527A394002B1799 /* Assets.xcassets */; };
		B531E0002527A394002B1799 /* LaunchScreen.storyboard in Resources */ = {isa = PBXBuildFile; fileRef = B531DFFE2527A394002B1799 /* LaunchScreen.storyboard */; };
/* End PBXBuildFile section */

/* Begin PBXFileReference section */
		B531DFF02527A38D002B1799 /* VideoCaptureTest.app */ = {isa = PBXFileReference; explicitFileType = wrapper.application; includeInIndex = 0; path = VideoCaptureTest.app; sourceTree = BUILT_PRODUCTS_DIR; };
		B531DFF32527A38D002B1799 /* AppDelegate.swift */ = {isa = PBXFileReference; lastKnownFileType = sourcecode.swift; path = AppDelegate.swift; sourceTree = "<group>"; };
		B531DFF52527A38D002B1799 /* SceneDelegate.swift */ = {isa = PBXFileReference; lastKnownFileType = sourcecode.swift; path = SceneDelegate.swift; sourceTree = "<group>"; };
		B531DFF72527A38D002B1799 /* ViewController.swift */ = {isa = PBXFileReference; lastKnownFileType = sourcecode.swift; path = ViewController.swift; sourceTree = "<group>"; };
		B531DFFA2527A38D002B1799 /* Base */ = {isa = PBXFileReference; lastKnownFileType = file.storyboard; name = Base; path = Base.lproj/Main.storyboard; sourceTree = "<group>"; };
		B531DFFC2527A394002B1799 /* Assets.xcassets */ = {isa = PBXFileReference; lastKnownFileType = folder.assetcatalog; path = Assets.xcassets; sourceTree = "<group>"; };
		B531DFFF2527A394002B1799 /* Base */ = {isa = PBXFileReference; lastKnownFileType = file.storyboard; name = Base; path = Base.lproj/LaunchScreen.storyboard; sourceTree = "<group>"; };
		B531E0012527A394002B1799 /* Info.plist */ = {isa = PBXFileReference; lastKnownFileType = text.plist.xml; path = Info.plist; sourceTree = "<group>"; };
/* End PBXFileReference section */

/* Begin PBXFrameworksBuildPhase section */
		B531DFED2527A38D002B1799 /* Frameworks */ = {
			isa = PBXFrameworksBuildPhase;
			buildActionMask = 2147483647;
			files = (
			);
			runOnlyForDeploymentPostprocessing = 0;
		};
/* End PBXFrameworksBuildPhase section */

/* Begin PBXGroup section */
		B531DFE72527A38D002B1799 = {
			isa = PBXGroup;
			children = (
				B531DFF22527A38D002B1799 /* VideoCaptureTest */,
				B531DFF12527A38D002B1799 /* Products */,
			);
			sourceTree = "<group>";
		};
		B531DFF12527A38D002B1799 /* Products */ = {
			isa = PBXGroup;
			children = (
				B531DFF02527A38D002B1799 /* VideoCaptureTest.app */,
			);
			name = Products;
			sourceTree = "<group>";
		};
		B531DFF22527A38D002B1799 /* VideoCaptureTest */ = {
			isa = PBXGroup;
			children = (
				B531DFF32527A38D002B1799 /* AppDelegate.swift */,
				B531DFF52527A38D002B1799 /* SceneDelegate.swift */,
				B531DFF72527A38D002B1799 /* ViewController.swift */,
				B531DFF92527A38D002B1799 /* Main.storyboard */,
				B531DFFC2527A394002B1799 /* Assets.xcassets */,
				B531DFFE2527A394002B1799 /* LaunchScreen.storyboard */,
				B531E0012527A394002B1799 /* Info.plist */,
			);
			path = VideoCaptureTest;
			sourceTree = "<group>";
		};
/* End PBXGroup section */

/* Begin PBXNativeTarget section */
		B531DFEF2527A38D002B1799 /* VideoCaptureTest */ = {
			isa = PBXNativeTarget;
			buildConfigurationList = B531E0042527A394002B1799 /* Build configuration list for PBXNativeTarget "VideoCaptureTest" */;
			buildPhases = (
				B531DFEC2527A38D002B1799 /* Sources */,
				B531DFED2527A38D002B1799 /* Frameworks */,
				B531DFEE2527A38D002B1799 /* Resources */,
			);
			buildRules = (
			);
			dependencies = (
			);
			name = VideoCaptureTest;
			productName = VideoCaptureTest;
			productReference = B531DFF02527A38D002B1799 /* VideoCaptureTest.app */;
			productType = "com.apple.product-type.application";
		};
/* End PBXNativeTarget section */

/* Begin PBXProject section */
		B531DFE82527A38D002B1799 /* Project object */ = {
			isa = PBXProject;
			attributes = {
				LastSwiftUpdateCheck = 1170;
				LastUpgradeCheck = 1170;
				ORGANIZATIONNAME = "Ben Gavan";
				TargetAttributes = {
					B531DFEF2527A38D002B1799 = {
						CreatedOnToolsVersion = 11.7;
					};
				};
			};
			buildConfigurationList = B531DFEB2527A38D002B1799 /* Build configuration list for PBXProject "VideoCaptureTest" */;
			compatibilityVersion = "Xcode 9.3";
			developmentRegion = en;
			hasScannedForEncodings = 0;
			knownRegions = (
				en,
				Base,
			);
			mainGroup = B531DFE72527A38D002B1799;
			productRefGroup = B531DFF12527A38D002B1799 /* Products */;
			projectDirPath = "";
			projectRoot = "";
			targets = (
				B531DFEF2527A38D002B1799 /* VideoCaptureTest */,
			);
		};
/* End PBXProject section */

/* Begin PBXResourcesBuildPhase section */
		B531DFEE2527A38D002B1799 /* Resources */ = {
			isa = PBXResourcesBuildPhase;
			buildActionMask = 2147483647;
			files = (
				B531E0002527A394002B1799 /* LaunchScreen.storyboard in Resources */,
				B531DFFD2527A394002B1799 /* Assets.xcassets in Resources */,
				B531DFFB2527A38D002B1799 /* Main.storyboard in Resources */,
			);
			runOnlyForDeploymentPostprocessing = 0;
		};
/* End PBXResourcesBuildPhase section */

/* Begin PBXSourcesBuildPhase section */
		B531DFEC2527A38D002B1799 /* Sources */ = {
			isa = PBXSourcesBuildPhase;
			buildActionMask = 2147483647;
			files = (
				B531DFF82527A38D002B1799 /* ViewController.swift in Sources */,
				B531DFF42527A38D002B1799 /* AppDelegate.swift in Sources */,
				B531DFF62527A38D002B1799 /* SceneDelegate.swift in Sources */,
			);
			runOnlyForDeploymentPostprocessing = 0;
		};
/* End PBXSourcesBuildPhase section */

/* Begin PBXVariantGroup section */
		B531DFF92527A38D002B1799 /* Main.storyboard */ = {
			isa = PBXVariantGroup;
			children = (
				B531DFFA2527A38D002B1799 /* Base */,
			);
			name = Main.storyboard;
			sourceTree = "<group>";
		};
		B531DFFE2527A394002B1799 /* LaunchScreen.storyboard */ = {
			isa = PBXVariantGroup;
			children = (
				B531DFFF2527A394002B1799 /* Base */,
			);
			name = LaunchScreen.storyboard;
			sourceTree = "<group>";
		};
/* End PBXVariantGroup section */

/* Begin XCBuildConfiguration section */
		B531E0022527A394002B1799 /* Debug */ = {
			isa = XCBuildConfiguration;
			buildSettings = {
				ALWAYS_SEARCH_USER_PATHS = NO;
				CLANG_ANALYZER_NONNULL = YES;
				CLANG_ANALYZER_NUMBER_OBJECT_CONVERSION = YES_AGGRESSIVE;
				CLANG_CXX_LANGUAGE_STANDARD = "gnu++14";
				CLANG_CXX_LIBRARY = "libc++";
				CLANG_ENABLE_MODULES = YES;
				CLANG_ENABLE_OBJC_ARC = YES;
				CLANG_ENABLE_OBJC_WEAK = YES;
				CLANG_WARN_BLOCK_CAPTURE_AUTORELEASING = YES;
				CLANG_WARN_BOOL_CONVERSION = YES;
				CLANG_WARN_COMMA = YES;
				CLANG_WARN_CONSTANT_CONVERSION = YES;
				CLANG_WARN_DEPRECATED_OBJC_IMPLEMENTATIONS = YES;
				CLANG_WARN_DIRECT_OBJC_ISA_USAGE = YES_ERROR;
				CLANG_WARN_DOCUMENTATION_COMMENTS = YES;
				CLANG_WARN_EMPTY_BODY = YES;
				CLANG_WARN_ENUM_CONVERSION = YES;
				CLANG_WARN_INFINITE_RECURSION = YES;
				CLANG_WARN_INT_CONVERSION = YES;
				CLANG_WARN_NON_LITERAL_NULL_CONVERSION = YES;
				CLANG_WARN_OBJC_IMPLICIT_RETAIN_SELF = YES;
				CLANG_WARN_OBJC_LITERAL_CONVERSION = YES;
				CLANG_WARN_OBJC_ROOT_CLASS = YES_ERROR;
				CLANG_WARN_RANGE_LOOP_ANALYSIS = YES;
				CLANG_WARN_STRICT_PROTOTYPES = YES;
				CLANG_WARN_SUSPICIOUS_MOVE = YES;
				CLANG_WARN_UNGUARDED_AVAILABILITY = YES_AGGRESSIVE;
				CLANG_WARN_UNREACHABLE_CODE = YES;
				CLANG_WARN__DUPLICATE_METHOD_MATCH = YES;
				COPY_PHASE_STRIP = NO;
				DEBUG_INFORMATION_FORMAT = dwarf;
				ENABLE_STRICT_OBJC_MSGSEND = YES;
				ENABLE_TESTABILITY = YES;
				GCC_C_LANGUAGE_STANDARD = gnu11;
				GCC_DYNAMIC_NO_PIC = NO;
				GCC_NO_COMMON_BLOCKS = YES;
				GCC_OPTIMIZATION_LEVEL = 0;
				GCC_PREPROCESSOR_DEFINITIONS = (
					"DEBUG=1",
					"$(inherited)",
				);
				GCC_WARN_64_TO_32_BIT_CONVERSION = YES;
				GCC_WARN_ABOUT_RETURN_TYPE = YES_ERROR;
				GCC_WARN_UNDECLARED_SELECTOR = YES;
				GCC_WARN_UNINITIALIZED_AUTOS = YES_AGGRESSIVE;
				GCC_WARN_UNUSED_FUNCTION = YES;
				GCC_WARN_UNUSED_VARIABLE = YES;
				IPHONEOS_DEPLOYMENT_TARGET = 13.7;
				MTL_ENABLE_DEBUG_INFO = INCLUDE_SOURCE;
				MTL_FAST_MATH = YES;
				ONLY_ACTIVE_ARCH = YES;
				SDKROOT = iphoneos;
				SWIFT_ACTIVE_COMPILATION_CONDITIONS = DEBUG;
				SWIFT_OPTIMIZATION_LEVEL = "-Onone";
			};
			name = Debug;
		};
		B531E0032527A394002B1799 /* Release */ = {
			isa = XCBuildConfiguration;
			buildSettings = {
				ALWAYS_SEARCH_USER_PATHS = NO;
				CLANG_ANALYZER_NONNULL = YES;
				CLANG_ANALYZER_NUMBER_OBJECT_CONVERSION = YES_AGGRESSIVE;
				CLANG_CXX_LANGUAGE_STANDARD = "gnu++14";
				CLANG_CXX_LIBRARY = "libc++";
				CLANG_ENABLE_MODULES = YES;
				CLANG_ENABLE_OBJC_ARC = YES;
				CLANG_ENABLE_OBJC_WEAK = YES;
				CLANG_WARN_BLOCK_CAPTURE_AUTORELEASING = YES;
				CLANG_WARN_BOOL_CONVERSION = YES;
				CLANG_WARN_COMMA = YES;
				CLANG_WARN_CONSTANT_CONVERSION = YES;
				CLANG_WARN_DEPRECATED_OBJC_IMPLEMENTATIONS = YES;
				CLANG_WARN_DIRECT_OBJC_ISA_USAGE = YES_ERROR;
				CLANG_WARN_DOCUMENTATION_COMMENTS = YES;
				CLANG_WARN_EMPTY_BODY = YES;
				CLANG_WARN_ENUM_CONVERSION = YES;
				CLANG_WARN_INFINITE_RECURSION = YES;
				CLANG_WARN_INT_CONVERSION = YES;
				CLANG_WARN_NON_LITERAL_NULL_CONVERSION = YES;
				CLANG_WARN_OBJC_IMPLICIT_RETAIN_SELF = YES;
				CLANG_WARN_OBJC_LITERAL_CONVERSION = YES;
				CLANG_WARN_OBJC_ROOT_CLASS = YES_ERROR;
				CLANG_WARN_RANGE_LOOP_ANALYSIS = YES;
				CLANG_WARN_STRICT_PROTOTYPES = YES;
				CLANG_WARN_SUSPICIOUS_MOVE = YES;
				CLANG_WARN_UNGUARDED_AVAILABILITY = YES_AGGRESSIVE;
				CLANG_WARN_UNREACHABLE_CODE = YES;
				CLANG_WARN__DUPLICATE_METHOD_MATCH = YES;
				COPY_PHASE_STRIP = NO;
				DEBUG_INFORMATION_FORMAT = "dwarf-with-dsym";
				ENABLE_NS_ASSERTIONS = NO;
				ENABLE_STRICT_OBJC_MSGSEND = YES;
				GCC_C_LANGUAGE_STANDARD = gnu11;
				GCC_NO_COMMON_BLOCKS = YES;
				GCC_WARN_64_TO_32_BIT_CONVERSION = YES;
				GCC_WARN_ABOUT_RETURN_TYPE = YES_ERROR;
				GCC_WARN_UNDECLARED_SELECTOR = YES;
				GCC_WARN_UNINITIALIZED_AUTOS = YES_AGGRESSIVE;
				GCC_WARN_UNUSED_FUNCTION = YES;
				GCC_WARN_UNUSED_VARIABLE = YES;
				IPHONEOS_DEPLOYMENT_TARGET = 13.7;
				MTL_ENABLE_DEBUG_INFO = NO;
				MTL_FAST_MATH = YES;
				SDKROOT = iphoneos;
				SWIFT_COMPILATION_MODE = wholemodule;
				SWIFT_OPTIMIZATION_LEVEL = "-O";
				VALIDATE_PRODUCT = YES;
			};
			name = Release;
		};
		B531E0052527A394002B1799 /* Debug */ = {
			isa = XCBuildConfiguration;
			buildSettings = {
				ASSETCATALOG_COMPILER_APPICON_NAME = AppIcon;
				CODE_SIGN_STYLE = Automatic;
				DEVELOPMENT_TEAM = 3L6X3QGSA3;
				INFOPLIST_FILE = VideoCaptureTest/Info.plist;
				LD_RUNPATH_SEARCH_PATHS = (
					"$(inherited)",
					"@executable_path/Frameworks",
				);
				PRODUCT_BUNDLE_IDENTIFIER = com.bengavan.ios.VideoCaptureTest;
				PRODUCT_NAME = "$(TARGET_NAME)";
				SWIFT_VERSION = 5.0;
				TARGETED_DEVICE_FAMILY = "1,2";
			};
			name = Debug;
		};
		B531E0062527A394002B1799 /* Release */ = {
			isa = XCBuildConfiguration;
			buildSettings = {
				ASSETCATALOG_COMPILER_APPICON_NAME = AppIcon;
				CODE_SIGN_STYLE = Automatic;
				DEVELOPMENT_TEAM = 3L6X3QGSA3;
				INFOPLIST_FILE = VideoCaptureTest/Info.plist;
				LD_RUNPATH_SEARCH_PATHS = (
					"$(inherited)",
					"@executable_path/Frameworks",
				);
				PRODUCT_BUNDLE_IDENTIFIER = com.bengavan.ios.VideoCaptureTest;
				PRODUCT_NAME = "$(TARGET_NAME)";
				SWIFT_VERSION = 5.0;
				TARGETED_DEVICE_FAMILY = "1,2";
			};
			name = Release;
		};
/* End XCBuildConfiguration section */

/* Begin XCConfigurationList section */
		B531DFEB2527A38D002B1799 /* Build configuration list for PBXProject "VideoCaptureTest" */ = {
			isa = XCConfigurationList;
			buildConfigurations = (
				B531E0022527A394002B1799 /* Debug */,
				B531E0032527A394002B1799 /* Release */,
			);
			defaultConfigurationIsVisible = 0;
			defaultConfigurationName = Release;
		};
		B531E0042527A394002B1799 /* Build configuration list for PBXNativeTarget "VideoCaptureTest" */ = {
			isa = XCConfigurationList;
			buildConfigurations = (
				B531E0052527A394002B1799 /* Debug */,
				B531E0062527A394002B1799 /* Release */,
			);
			defaultConfigurationIsVisible = 0;
			defaultConfigurationName = Release;
		};
/* End XCConfigurationList section */
	};
	rootObject = B531DFE82527A38D002B1799 /* Project object */;
}
