// !$*UTF8*$!
{
	archiveVersion = 1;
	classes = {
	};
	objectVersion = 48;
	objects = {

/* Begin PBXBuildFile section */
		B57551DE1FD1D190003A43F0 /* ContactCell.swift in Sources */ = {isa = PBXBuildFile; fileRef = B57551DD1FD1D190003A43F0 /* ContactCell.swift */; };
		B5A6AA081FD0B09F00294651 /* ExpandableNames.swift in Sources */ = {isa = PBXBuildFile; fileRef = B5A6AA071FD0B09F00294651 /* ExpandableNames.swift */; };
		B5AF51EE1FBB65DE00C449AB /* AppDelegate.swift in Sources */ = {isa = PBXBuildFile; fileRef = B5AF51ED1FBB65DE00C449AB /* AppDelegate.swift */; };
		B5AF51F01FBB65DE00C449AB /* ViewController.swift in Sources */ = {isa = PBXBuildFile; fileRef = B5AF51EF1FBB65DE00C449AB /* ViewController.swift */; };
		B5AF51F31FBB65DE00C449AB /* Main.storyboard in Resources */ = {isa = PBXBuildFile; fileRef = B5AF51F11FBB65DE00C449AB /* Main.storyboard */; };
		B5AF51F51FBB65DE00C449AB /* Assets.xcassets in Resources */ = {isa = PBXBuildFile; fileRef = B5AF51F41FBB65DE00C449AB /* Assets.xcassets */; };
		B5AF51F81FBB65DE00C449AB /* LaunchScreen.storyboard in Resources */ = {isa = PBXBuildFile; fileRef = B5AF51F61FBB65DE00C449AB /* LaunchScreen.storyboard */; };
/* End PBXBuildFile section */

/* Begin PBXFileReference section */
		B57551DD1FD1D190003A43F0 /* ContactCell.swift */ = {isa = PBXFileReference; lastKnownFileType = sourcecode.swift; path = ContactCell.swift; sourceTree = "<group>"; };
		B5A6AA071FD0B09F00294651 /* ExpandableNames.swift */ = {isa = PBXFileReference; lastKnownFileType = sourcecode.swift; path = ExpandableNames.swift; sourceTree = "<group>"; };
		B5AF51EA1FBB65DE00C449AB /* ContactsLBTA.app */ = {isa = PBXFileReference; explicitFileType = wrapper.application; includeInIndex = 0; path = ContactsLBTA.app; sourceTree = BUILT_PRODUCTS_DIR; };
		B5AF51ED1FBB65DE00C449AB /* AppDelegate.swift */ = {isa = PBXFileReference; lastKnownFileType = sourcecode.swift; path = AppDelegate.swift; sourceTree = "<group>"; };
		B5AF51EF1FBB65DE00C449AB /* ViewController.swift */ = {isa = PBXFileReference; lastKnownFileType = sourcecode.swift; path = ViewController.swift; sourceTree = "<group>"; };
		B5AF51F21FBB65DE00C449AB /* Base */ = {isa = PBXFileReference; lastKnownFileType = file.storyboard; name = Base; path = Base.lproj/Main.storyboard; sourceTree = "<group>"; };
		B5AF51F41FBB65DE00C449AB /* Assets.xcassets */ = {isa = PBXFileReference; lastKnownFileType = folder.assetcatalog; path = Assets.xcassets; sourceTree = "<group>"; };
		B5AF51F71FBB65DE00C449AB /* Base */ = {isa = PBXFileReference; lastKnownFileType = file.storyboard; name = Base; path = Base.lproj/LaunchScreen.storyboard; sourceTree = "<group>"; };
		B5AF51F91FBB65DE00C449AB /* Info.plist */ = {isa = PBXFileReference; lastKnownFileType = text.plist.xml; path = Info.plist; sourceTree = "<group>"; };
/* End PBXFileReference section */

/* Begin PBXFrameworksBuildPhase section */
		B5AF51E71FBB65DE00C449AB /* Frameworks */ = {
			isa = PBXFrameworksBuildPhase;
			buildActionMask = 2147483647;
			files = (
			);
			runOnlyForDeploymentPostprocessing = 0;
		};
/* End PBXFrameworksBuildPhase section */

/* Begin PBXGroup section */
		B5AF51E11FBB65DE00C449AB = {
			isa = PBXGroup;
			children = (
				B5AF51EC1FBB65DE00C449AB /* ContactsLBTA */,
				B5AF51EB1FBB65DE00C449AB /* Products */,
			);
			sourceTree = "<group>";
		};
		B5AF51EB1FBB65DE00C449AB /* Products */ = {
			isa = PBXGroup;
			children = (
				B5AF51EA1FBB65DE00C449AB /* ContactsLBTA.app */,
			);
			name = Products;
			sourceTree = "<group>";
		};
		B5AF51EC1FBB65DE00C449AB /* ContactsLBTA */ = {
			isa = PBXGroup;
			children = (
				B5AF51ED1FBB65DE00C449AB /* AppDelegate.swift */,
				B5AF51EF1FBB65DE00C449AB /* ViewController.swift */,
				B5AF51F11FBB65DE00C449AB /* Main.storyboard */,
				B5AF51F41FBB65DE00C449AB /* Assets.xcassets */,
				B5AF51F61FBB65DE00C449AB /* LaunchScreen.storyboard */,
				B5AF51F91FBB65DE00C449AB /* Info.plist */,
				B5A6AA071FD0B09F00294651 /* ExpandableNames.swift */,
				B57551DD1FD1D190003A43F0 /* ContactCell.swift */,
			);
			path = ContactsLBTA;
			sourceTree = "<group>";
		};
/* End PBXGroup section */

/* Begin PBXNativeTarget section */
		B5AF51E91FBB65DE00C449AB /* ContactsLBTA */ = {
			isa = PBXNativeTarget;
			buildConfigurationList = B5AF51FC1FBB65DE00C449AB /* Build configuration list for PBXNativeTarget "ContactsLBTA" */;
			buildPhases = (
				B5AF51E61FBB65DE00C449AB /* Sources */,
				B5AF51E71FBB65DE00C449AB /* Frameworks */,
				B5AF51E81FBB65DE00C449AB /* Resources */,
			);
			buildRules = (
			);
			dependencies = (
			);
			name = ContactsLBTA;
			productName = ContactsLBTA;
			productReference = B5AF51EA1FBB65DE00C449AB /* ContactsLBTA.app */;
			productType = "com.apple.product-type.application";
		};
/* End PBXNativeTarget section */

/* Begin PBXProject section */
		B5AF51E21FBB65DE00C449AB /* Project object */ = {
			isa = PBXProject;
			attributes = {
				LastSwiftUpdateCheck = 0910;
				LastUpgradeCheck = 0910;
				ORGANIZATIONNAME = "Ben Gavan";
				TargetAttributes = {
					B5AF51E91FBB65DE00C449AB = {
						CreatedOnToolsVersion = 9.1;
						ProvisioningStyle = Automatic;
					};
				};
			};
			buildConfigurationList = B5AF51E51FBB65DE00C449AB /* Build configuration list for PBXProject "ContactsLBTA" */;
			compatibilityVersion = "Xcode 8.0";
			developmentRegion = en;
			hasScannedForEncodings = 0;
			knownRegions = (
				en,
				Base,
			);
			mainGroup = B5AF51E11FBB65DE00C449AB;
			productRefGroup = B5AF51EB1FBB65DE00C449AB /* Products */;
			projectDirPath = "";
			projectRoot = "";
			targets = (
				B5AF51E91FBB65DE00C449AB /* ContactsLBTA */,
			);
		};
/* End PBXProject section */

/* Begin PBXResourcesBuildPhase section */
		B5AF51E81FBB65DE00C449AB /* Resources */ = {
			isa = PBXResourcesBuildPhase;
			buildActionMask = 2147483647;
			files = (
				B5AF51F81FBB65DE00C449AB /* LaunchScreen.storyboard in Resources */,
				B5AF51F51FBB65DE00C449AB /* Assets.xcassets in Resources */,
				B5AF51F31FBB65DE00C449AB /* Main.storyboard in Resources */,
			);
			runOnlyForDeploymentPostprocessing = 0;
		};
/* End PBXResourcesBuildPhase section */

/* Begin PBXSourcesBuildPhase section */
		B5AF51E61FBB65DE00C449AB /* Sources */ = {
			isa = PBXSourcesBuildPhase;
			buildActionMask = 2147483647;
			files = (
				B57551DE1FD1D190003A43F0 /* ContactCell.swift in Sources */,
				B5A6AA081FD0B09F00294651 /* ExpandableNames.swift in Sources */,
				B5AF51F01FBB65DE00C449AB /* ViewController.swift in Sources */,
				B5AF51EE1FBB65DE00C449AB /* AppDelegate.swift in Sources */,
			);
			runOnlyForDeploymentPostprocessing = 0;
		};
/* End PBXSourcesBuildPhase section */

/* Begin PBXVariantGroup section */
		B5AF51F11FBB65DE00C449AB /* Main.storyboard */ = {
			isa = PBXVariantGroup;
			children = (
				B5AF51F21FBB65DE00C449AB /* Base */,
			);
			name = Main.storyboard;
			sourceTree = "<group>";
		};
		B5AF51F61FBB65DE00C449AB /* LaunchScreen.storyboard */ = {
			isa = PBXVariantGroup;
			children = (
				B5AF51F71FBB65DE00C449AB /* Base */,
			);
			name = LaunchScreen.storyboard;
			sourceTree = "<group>";
		};
/* End PBXVariantGroup section */

/* Begin XCBuildConfiguration section */
		B5AF51FA1FBB65DE00C449AB /* Debug */ = {
			isa = XCBuildConfiguration;
			buildSettings = {
				ALWAYS_SEARCH_USER_PATHS = NO;
				CLANG_ANALYZER_NONNULL = YES;
				CLANG_ANALYZER_NUMBER_OBJECT_CONVERSION = YES_AGGRESSIVE;
				CLANG_CXX_LANGUAGE_STANDARD = "gnu++14";
				CLANG_CXX_LIBRARY = "libc++";
				CLANG_ENABLE_MODULES = YES;
				CLANG_ENABLE_OBJC_ARC = YES;
				CLANG_WARN_BLOCK_CAPTURE_AUTORELEASING = YES;
				CLANG_WARN_BOOL_CONVERSION = YES;
				CLANG_WARN_COMMA = YES;
				CLANG_WARN_CONSTANT_CONVERSION = YES;
				CLANG_WARN_DIRECT_OBJC_ISA_USAGE = YES_ERROR;
				CLANG_WARN_DOCUMENTATION_COMMENTS = YES;
				CLANG_WARN_EMPTY_BODY = YES;
				CLANG_WARN_ENUM_CONVERSION = YES;
				CLANG_WARN_INFINITE_RECURSION = YES;
				CLANG_WARN_INT_CONVERSION = YES;
				CLANG_WARN_NON_LITERAL_NULL_CONVERSION = YES;
				CLANG_WARN_OBJC_LITERAL_CONVERSION = YES;
				CLANG_WARN_OBJC_ROOT_CLASS = YES_ERROR;
				CLANG_WARN_RANGE_LOOP_ANALYSIS = YES;
				CLANG_WARN_STRICT_PROTOTYPES = YES;
				CLANG_WARN_SUSPICIOUS_MOVE = YES;
				CLANG_WARN_UNGUARDED_AVAILABILITY = YES_AGGRESSIVE;
				CLANG_WARN_UNREACHABLE_CODE = YES;
				CLANG_WARN__DUPLICATE_METHOD_MATCH = YES;
				CODE_SIGN_IDENTITY = "iPhone Developer";
				COPY_PHASE_STRIP = NO;
				DEBUG_INFORMATION_FORMAT = dwarf;
				ENABLE_STRICT_OBJC_MSGSEND = YES;
				ENABLE_TESTABILITY = YES;
				GCC_C_LANGUAGE_STANDARD = gnu11;
				GCC_DYNAMIC_NO_PIC = NO;
				GCC_NO_COMMON_BLOCKS = YES;
				GCC_OPTIMIZATION_LEVEL = 0;
				GCC_PREPROCESSOR_DEFINITIONS = (
					"DEBUG=1",
					"$(inherited)",
				);
				GCC_WARN_64_TO_32_BIT_CONVERSION = YES;
				GCC_WARN_ABOUT_RETURN_TYPE = YES_ERROR;
				GCC_WARN_UNDECLARED_SELECTOR = YES;
				GCC_WARN_UNINITIALIZED_AUTOS = YES_AGGRESSIVE;
				GCC_WARN_UNUSED_FUNCTION = YES;
				GCC_WARN_UNUSED_VARIABLE = YES;
				IPHONEOS_DEPLOYMENT_TARGET = 11.1;
				MTL_ENABLE_DEBUG_INFO = YES;
				ONLY_ACTIVE_ARCH = YES;
				SDKROOT = iphoneos;
				SWIFT_ACTIVE_COMPILATION_CONDITIONS = DEBUG;
				SWIFT_OPTIMIZATION_LEVEL = "-Onone";
			};
			name = Debug;
		};
		B5AF51FB1FBB65DE00C449AB /* Release */ = {
			isa = XCBuildConfiguration;
			buildSettings = {
				ALWAYS_SEARCH_USER_PATHS = NO;
				CLANG_ANALYZER_NONNULL = YES;
				CLANG_ANALYZER_NUMBER_OBJECT_CONVERSION = YES_AGGRESSIVE;
				CLANG_CXX_LANGUAGE_STANDARD = "gnu++14";
				CLANG_CXX_LIBRARY = "libc++";
				CLANG_ENABLE_MODULES = YES;
				CLANG_ENABLE_OBJC_ARC = YES;
				CLANG_WARN_BLOCK_CAPTURE_AUTORELEASING = YES;
				CLANG_WARN_BOOL_CONVERSION = YES;
				CLANG_WARN_COMMA = YES;
				CLANG_WARN_CONSTANT_CONVERSION = YES;
				CLANG_WARN_DIRECT_OBJC_ISA_USAGE = YES_ERROR;
				CLANG_WARN_DOCUMENTATION_COMMENTS = YES;
				CLANG_WARN_EMPTY_BODY = YES;
				CLANG_WARN_ENUM_CONVERSION = YES;
				CLANG_WARN_INFINITE_RECURSION = YES;
				CLANG_WARN_INT_CONVERSION = YES;
				CLANG_WARN_NON_LITERAL_NULL_CONVERSION = YES;
				CLANG_WARN_OBJC_LITERAL_CONVERSION = YES;
				CLANG_WARN_OBJC_ROOT_CLASS = YES_ERROR;
				CLANG_WARN_RANGE_LOOP_ANALYSIS = YES;
				CLANG_WARN_STRICT_PROTOTYPES = YES;
				CLANG_WARN_SUSPICIOUS_MOVE = YES;
				CLANG_WARN_UNGUARDED_AVAILABILITY = YES_AGGRESSIVE;
				CLANG_WARN_UNREACHABLE_CODE = YES;
				CLANG_WARN__DUPLICATE_METHOD_MATCH = YES;
				CODE_SIGN_IDENTITY = "iPhone Developer";
				COPY_PHASE_STRIP = NO;
				DEBUG_INFORMATION_FORMAT = "dwarf-with-dsym";
				ENABLE_NS_ASSERTIONS = NO;
				ENABLE_STRICT_OBJC_MSGSEND = YES;
				GCC_C_LANGUAGE_STANDARD = gnu11;
				GCC_NO_COMMON_BLOCKS = YES;
				GCC_WARN_64_TO_32_BIT_CONVERSION = YES;
				GCC_WARN_ABOUT_RETURN_TYPE = YES_ERROR;
				GCC_WARN_UNDECLARED_SELECTOR = YES;
				GCC_WARN_UNINITIALIZED_AUTOS = YES_AGGRESSIVE;
				GCC_WARN_UNUSED_FUNCTION = YES;
				GCC_WARN_UNUSED_VARIABLE = YES;
				IPHONEOS_DEPLOYMENT_TARGET = 11.1;
				MTL_ENABLE_DEBUG_INFO = NO;
				SDKROOT = iphoneos;
				SWIFT_OPTIMIZATION_LEVEL = "-Owholemodule";
				VALIDATE_PRODUCT = YES;
			};
			name = Release;
		};
		B5AF51FD1FBB65DE00C449AB /* Debug */ = {
			isa = XCBuildConfiguration;
			buildSettings = {
				ASSETCATALOG_COMPILER_APPICON_NAME = AppIcon;
				CODE_SIGN_STYLE = Automatic;
				DEVELOPMENT_TEAM = EWR45DYVX7;
				INFOPLIST_FILE = ContactsLBTA/Info.plist;
				LD_RUNPATH_SEARCH_PATHS = "$(inherited) @executable_path/Frameworks";
				PRODUCT_BUNDLE_IDENTIFIER = com.bgsoftwarestudios.ContactsLBTA;
				PRODUCT_NAME = "$(TARGET_NAME)";
				SWIFT_VERSION = 4.0;
				TARGETED_DEVICE_FAMILY = "1,2";
			};
			name = Debug;
		};
		B5AF51FE1FBB65DE00C449AB /* Release */ = {
			isa = XCBuildConfiguration;
			buildSettings = {
				ASSETCATALOG_COMPILER_APPICON_NAME = AppIcon;
				CODE_SIGN_STYLE = Automatic;
				DEVELOPMENT_TEAM = EWR45DYVX7;
				INFOPLIST_FILE = ContactsLBTA/Info.plist;
				LD_RUNPATH_SEARCH_PATHS = "$(inherited) @executable_path/Frameworks";
				PRODUCT_BUNDLE_IDENTIFIER = com.bgsoftwarestudios.ContactsLBTA;
				PRODUCT_NAME = "$(TARGET_NAME)";
				SWIFT_VERSION = 4.0;
				TARGETED_DEVICE_FAMILY = "1,2";
			};
			name = Release;
		};
/* End XCBuildConfiguration section */

/* Begin XCConfigurationList section */
		B5AF51E51FBB65DE00C449AB /* Build configuration list for PBXProject "ContactsLBTA" */ = {
			isa = XCConfigurationList;
			buildConfigurations = (
				B5AF51FA1FBB65DE00C449AB /* Debug */,
				B5AF51FB1FBB65DE00C449AB /* Release */,
			);
			defaultConfigurationIsVisible = 0;
			defaultConfigurationName = Release;
		};
		B5AF51FC1FBB65DE00C449AB /* Build configuration list for PBXNativeTarget "ContactsLBTA" */ = {
			isa = XCConfigurationList;
			buildConfigurations = (
				B5AF51FD1FBB65DE00C449AB /* Debug */,
				B5AF51FE1FBB65DE00C449AB /* Release */,
			);
			defaultConfigurationIsVisible = 0;
			defaultConfigurationName = Release;
		};
/* End XCConfigurationList section */
	};
	rootObject = B5AF51E21FBB65DE00C449AB /* Project object */;
}
