// !$*UTF8*$!
{
	archiveVersion = 1;
	classes = {
	};
	objectVersion = 50;
	objects = {

/* Begin PBXBuildFile section */
		B53F9DFB24B5DABD0062F1DA /* AppDelegate.swift in Sources */ = {isa = PBXBuildFile; fileRef = B53F9DFA24B5DABD0062F1DA /* AppDelegate.swift */; };
		B53F9DFD24B5DABD0062F1DA /* SceneDelegate.swift in Sources */ = {isa = PBXBuildFile; fileRef = B53F9DFC24B5DABD0062F1DA /* SceneDelegate.swift */; };
		B53F9DFF24B5DABD0062F1DA /* ContentView.swift in Sources */ = {isa = PBXBuildFile; fileRef = B53F9DFE24B5DABD0062F1DA /* ContentView.swift */; };
		B53F9E0124B5DAC40062F1DA /* Assets.xcassets in Resources */ = {isa = PBXBuildFile; fileRef = B53F9E0024B5DAC40062F1DA /* Assets.xcassets */; };
		B53F9E0424B5DAC40062F1DA /* Preview Assets.xcassets in Resources */ = {isa = PBXBuildFile; fileRef = B53F9E0324B5DAC40062F1DA /* Preview Assets.xcassets */; };
		B53F9E0724B5DAC40062F1DA /* LaunchScreen.storyboard in Resources */ = {isa = PBXBuildFile; fileRef = B53F9E0524B5DAC40062F1DA /* LaunchScreen.storyboard */; };
/* End PBXBuildFile section */

/* Begin PBXFileReference section */
		B53F9DF724B5DABD0062F1DA /* FoodDeliveryLayoutLBTA.app */ = {isa = PBXFileReference; explicitFileType = wrapper.application; includeInIndex = 0; path = FoodDeliveryLayoutLBTA.app; sourceTree = BUILT_PRODUCTS_DIR; };
		B53F9DFA24B5DABD0062F1DA /* AppDelegate.swift */ = {isa = PBXFileReference; lastKnownFileType = sourcecode.swift; path = AppDelegate.swift; sourceTree = "<group>"; };
		B53F9DFC24B5DABD0062F1DA /* SceneDelegate.swift */ = {isa = PBXFileReference; lastKnownFileType = sourcecode.swift; path = SceneDelegate.swift; sourceTree = "<group>"; };
		B53F9DFE24B5DABD0062F1DA /* ContentView.swift */ = {isa = PBXFileReference; lastKnownFileType = sourcecode.swift; path = ContentView.swift; sourceTree = "<group>"; };
		B53F9E0024B5DAC40062F1DA /* Assets.xcassets */ = {isa = PBXFileReference; lastKnownFileType = folder.assetcatalog; path = Assets.xcassets; sourceTree = "<group>"; };
		B53F9E0324B5DAC40062F1DA /* Preview Assets.xcassets */ = {isa = PBXFileReference; lastKnownFileType = folder.assetcatalog; path = "Preview Assets.xcassets"; sourceTree = "<group>"; };
		B53F9E0624B5DAC40062F1DA /* Base */ = {isa = PBXFileReference; lastKnownFileType = file.storyboard; name = Base; path = Base.lproj/LaunchScreen.storyboard; sourceTree = "<group>"; };
		B53F9E0824B5DAC40062F1DA /* Info.plist */ = {isa = PBXFileReference; lastKnownFileType = text.plist.xml; path = Info.plist; sourceTree = "<group>"; };
/* End PBXFileReference section */

/* Begin PBXFrameworksBuildPhase section */
		B53F9DF424B5DABD0062F1DA /* Frameworks */ = {
			isa = PBXFrameworksBuildPhase;
			buildActionMask = 2147483647;
			files = (
			);
			runOnlyForDeploymentPostprocessing = 0;
		};
/* End PBXFrameworksBuildPhase section */

/* Begin PBXGroup section */
		B53F9DEE24B5DABD0062F1DA = {
			isa = PBXGroup;
			children = (
				B53F9DF924B5DABD0062F1DA /* FoodDeliveryLayoutLBTA */,
				B53F9DF824B5DABD0062F1DA /* Products */,
			);
			sourceTree = "<group>";
		};
		B53F9DF824B5DABD0062F1DA /* Products */ = {
			isa = PBXGroup;
			children = (
				B53F9DF724B5DABD0062F1DA /* FoodDeliveryLayoutLBTA.app */,
			);
			name = Products;
			sourceTree = "<group>";
		};
		B53F9DF924B5DABD0062F1DA /* FoodDeliveryLayoutLBTA */ = {
			isa = PBXGroup;
			children = (
				B53F9DFA24B5DABD0062F1DA /* AppDelegate.swift */,
				B53F9DFC24B5DABD0062F1DA /* SceneDelegate.swift */,
				B53F9DFE24B5DABD0062F1DA /* ContentView.swift */,
				B53F9E0024B5DAC40062F1DA /* Assets.xcassets */,
				B53F9E0524B5DAC40062F1DA /* LaunchScreen.storyboard */,
				B53F9E0824B5DAC40062F1DA /* Info.plist */,
				B53F9E0224B5DAC40062F1DA /* Preview Content */,
			);
			path = FoodDeliveryLayoutLBTA;
			sourceTree = "<group>";
		};
		B53F9E0224B5DAC40062F1DA /* Preview Content */ = {
			isa = PBXGroup;
			children = (
				B53F9E0324B5DAC40062F1DA /* Preview Assets.xcassets */,
			);
			path = "Preview Content";
			sourceTree = "<group>";
		};
/* End PBXGroup section */

/* Begin PBXNativeTarget section */
		B53F9DF624B5DABD0062F1DA /* FoodDeliveryLayoutLBTA */ = {
			isa = PBXNativeTarget;
			buildConfigurationList = B53F9E0B24B5DAC40062F1DA /* Build configuration list for PBXNativeTarget "FoodDeliveryLayoutLBTA" */;
			buildPhases = (
				B53F9DF324B5DABD0062F1DA /* Sources */,
				B53F9DF424B5DABD0062F1DA /* Frameworks */,
				B53F9DF524B5DABD0062F1DA /* Resources */,
			);
			buildRules = (
			);
			dependencies = (
			);
			name = FoodDeliveryLayoutLBTA;
			productName = FoodDeliveryLayoutLBTA;
			productReference = B53F9DF724B5DABD0062F1DA /* FoodDeliveryLayoutLBTA.app */;
			productType = "com.apple.product-type.application";
		};
/* End PBXNativeTarget section */

/* Begin PBXProject section */
		B53F9DEF24B5DABD0062F1DA /* Project object */ = {
			isa = PBXProject;
			attributes = {
				LastSwiftUpdateCheck = 1150;
				LastUpgradeCheck = 1150;
				ORGANIZATIONNAME = "Ben Gavan";
				TargetAttributes = {
					B53F9DF624B5DABD0062F1DA = {
						CreatedOnToolsVersion = 11.5;
					};
				};
			};
			buildConfigurationList = B53F9DF224B5DABD0062F1DA /* Build configuration list for PBXProject "FoodDeliveryLayoutLBTA" */;
			compatibilityVersion = "Xcode 9.3";
			developmentRegion = en;
			hasScannedForEncodings = 0;
			knownRegions = (
				en,
				Base,
			);
			mainGroup = B53F9DEE24B5DABD0062F1DA;
			productRefGroup = B53F9DF824B5DABD0062F1DA /* Products */;
			projectDirPath = "";
			projectRoot = "";
			targets = (
				B53F9DF624B5DABD0062F1DA /* FoodDeliveryLayoutLBTA */,
			);
		};
/* End PBXProject section */

/* Begin PBXResourcesBuildPhase section */
		B53F9DF524B5DABD0062F1DA /* Resources */ = {
			isa = PBXResourcesBuildPhase;
			buildActionMask = 2147483647;
			files = (
				B53F9E0724B5DAC40062F1DA /* LaunchScreen.storyboard in Resources */,
				B53F9E0424B5DAC40062F1DA /* Preview Assets.xcassets in Resources */,
				B53F9E0124B5DAC40062F1DA /* Assets.xcassets in Resources */,
			);
			runOnlyForDeploymentPostprocessing = 0;
		};
/* End PBXResourcesBuildPhase section */

/* Begin PBXSourcesBuildPhase section */
		B53F9DF324B5DABD0062F1DA /* Sources */ = {
			isa = PBXSourcesBuildPhase;
			buildActionMask = 2147483647;
			files = (
				B53F9DFB24B5DABD0062F1DA /* AppDelegate.swift in Sources */,
				B53F9DFD24B5DABD0062F1DA /* SceneDelegate.swift in Sources */,
				B53F9DFF24B5DABD0062F1DA /* ContentView.swift in Sources */,
			);
			runOnlyForDeploymentPostprocessing = 0;
		};
/* End PBXSourcesBuildPhase section */

/* Begin PBXVariantGroup section */
		B53F9E0524B5DAC40062F1DA /* LaunchScreen.storyboard */ = {
			isa = PBXVariantGroup;
			children = (
				B53F9E0624B5DAC40062F1DA /* Base */,
			);
			name = LaunchScreen.storyboard;
			sourceTree = "<group>";
		};
/* End PBXVariantGroup section */

/* Begin XCBuildConfiguration section */
		B53F9E0924B5DAC40062F1DA /* Debug */ = {
			isa = XCBuildConfiguration;
			buildSettings = {
				ALWAYS_SEARCH_USER_PATHS = NO;
				CLANG_ANALYZER_NONNULL = YES;
				CLANG_ANALYZER_NUMBER_OBJECT_CONVERSION = YES_AGGRESSIVE;
				CLANG_CXX_LANGUAGE_STANDARD = "gnu++14";
				CLANG_CXX_LIBRARY = "libc++";
				CLANG_ENABLE_MODULES = YES;
				CLANG_ENABLE_OBJC_ARC = YES;
				CLANG_ENABLE_OBJC_WEAK = YES;
				CLANG_WARN_BLOCK_CAPTURE_AUTORELEASING = YES;
				CLANG_WARN_BOOL_CONVERSION = YES;
				CLANG_WARN_COMMA = YES;
				CLANG_WARN_CONSTANT_CONVERSION = YES;
				CLANG_WARN_DEPRECATED_OBJC_IMPLEMENTATIONS = YES;
				CLANG_WARN_DIRECT_OBJC_ISA_USAGE = YES_ERROR;
				CLANG_WARN_DOCUMENTATION_COMMENTS = YES;
				CLANG_WARN_EMPTY_BODY = YES;
				CLANG_WARN_ENUM_CONVERSION = YES;
				CLANG_WARN_INFINITE_RECURSION = YES;
				CLANG_WARN_INT_CONVERSION = YES;
				CLANG_WARN_NON_LITERAL_NULL_CONVERSION = YES;
				CLANG_WARN_OBJC_IMPLICIT_RETAIN_SELF = YES;
				CLANG_WARN_OBJC_LITERAL_CONVERSION = YES;
				CLANG_WARN_OBJC_ROOT_CLASS = YES_ERROR;
				CLANG_WARN_RANGE_LOOP_ANALYSIS = YES;
				CLANG_WARN_STRICT_PROTOTYPES = YES;
				CLANG_WARN_SUSPICIOUS_MOVE = YES;
				CLANG_WARN_UNGUARDED_AVAILABILITY = YES_AGGRESSIVE;
				CLANG_WARN_UNREACHABLE_CODE = YES;
				CLANG_WARN__DUPLICATE_METHOD_MATCH = YES;
				COPY_PHASE_STRIP = NO;
				DEBUG_INFORMATION_FORMAT = dwarf;
				ENABLE_STRICT_OBJC_MSGSEND = YES;
				ENABLE_TESTABILITY = YES;
				GCC_C_LANGUAGE_STANDARD = gnu11;
				GCC_DYNAMIC_NO_PIC = NO;
				GCC_NO_COMMON_BLOCKS = YES;
				GCC_OPTIMIZATION_LEVEL = 0;
				GCC_PREPROCESSOR_DEFINITIONS = (
					"DEBUG=1",
					"$(inherited)",
				);
				GCC_WARN_64_TO_32_BIT_CONVERSION = YES;
				GCC_WARN_ABOUT_RETURN_TYPE = YES_ERROR;
				GCC_WARN_UNDECLARED_SELECTOR = YES;
				GCC_WARN_UNINITIALIZED_AUTOS = YES_AGGRESSIVE;
				GCC_WARN_UNUSED_FUNCTION = YES;
				GCC_WARN_UNUSED_VARIABLE = YES;
				IPHONEOS_DEPLOYMENT_TARGET = 13.5;
				MTL_ENABLE_DEBUG_INFO = INCLUDE_SOURCE;
				MTL_FAST_MATH = YES;
				ONLY_ACTIVE_ARCH = YES;
				SDKROOT = iphoneos;
				SWIFT_ACTIVE_COMPILATION_CONDITIONS = DEBUG;
				SWIFT_OPTIMIZATION_LEVEL = "-Onone";
			};
			name = Debug;
		};
		B53F9E0A24B5DAC40062F1DA /* Release */ = {
			isa = XCBuildConfiguration;
			buildSettings = {
				ALWAYS_SEARCH_USER_PATHS = NO;
				CLANG_ANALYZER_NONNULL = YES;
				CLANG_ANALYZER_NUMBER_OBJECT_CONVERSION = YES_AGGRESSIVE;
				CLANG_CXX_LANGUAGE_STANDARD = "gnu++14";
				CLANG_CXX_LIBRARY = "libc++";
				CLANG_ENABLE_MODULES = YES;
				CLANG_ENABLE_OBJC_ARC = YES;
				CLANG_ENABLE_OBJC_WEAK = YES;
				CLANG_WARN_BLOCK_CAPTURE_AUTORELEASING = YES;
				CLANG_WARN_BOOL_CONVERSION = YES;
				CLANG_WARN_COMMA = YES;
				CLANG_WARN_CONSTANT_CONVERSION = YES;
				CLANG_WARN_DEPRECATED_OBJC_IMPLEMENTATIONS = YES;
				CLANG_WARN_DIRECT_OBJC_ISA_USAGE = YES_ERROR;
				CLANG_WARN_DOCUMENTATION_COMMENTS = YES;
				CLANG_WARN_EMPTY_BODY = YES;
				CLANG_WARN_ENUM_CONVERSION = YES;
				CLANG_WARN_INFINITE_RECURSION = YES;
				CLANG_WARN_INT_CONVERSION = YES;
				CLANG_WARN_NON_LITERAL_NULL_CONVERSION = YES;
				CLANG_WARN_OBJC_IMPLICIT_RETAIN_SELF = YES;
				CLANG_WARN_OBJC_LITERAL_CONVERSION = YES;
				CLANG_WARN_OBJC_ROOT_CLASS = YES_ERROR;
				CLANG_WARN_RANGE_LOOP_ANALYSIS = YES;
				CLANG_WARN_STRICT_PROTOTYPES = YES;
				CLANG_WARN_SUSPICIOUS_MOVE = YES;
				CLANG_WARN_UNGUARDED_AVAILABILITY = YES_AGGRESSIVE;
				CLANG_WARN_UNREACHABLE_CODE = YES;
				CLANG_WARN__DUPLICATE_METHOD_MATCH = YES;
				COPY_PHASE_STRIP = NO;
				DEBUG_INFORMATION_FORMAT = "dwarf-with-dsym";
				ENABLE_NS_ASSERTIONS = NO;
				ENABLE_STRICT_OBJC_MSGSEND = YES;
				GCC_C_LANGUAGE_STANDARD = gnu11;
				GCC_NO_COMMON_BLOCKS = YES;
				GCC_WARN_64_TO_32_BIT_CONVERSION = YES;
				GCC_WARN_ABOUT_RETURN_TYPE = YES_ERROR;
				GCC_WARN_UNDECLARED_SELECTOR = YES;
				GCC_WARN_UNINITIALIZED_AUTOS = YES_AGGRESSIVE;
				GCC_WARN_UNUSED_FUNCTION = YES;
				GCC_WARN_UNUSED_VARIABLE = YES;
				IPHONEOS_DEPLOYMENT_TARGET = 13.5;
				MTL_ENABLE_DEBUG_INFO = NO;
				MTL_FAST_MATH = YES;
				SDKROOT = iphoneos;
				SWIFT_COMPILATION_MODE = wholemodule;
				SWIFT_OPTIMIZATION_LEVEL = "-O";
				VALIDATE_PRODUCT = YES;
			};
			name = Release;
		};
		B53F9E0C24B5DAC40062F1DA /* Debug */ = {
			isa = XCBuildConfiguration;
			buildSettings = {
				ASSETCATALOG_COMPILER_APPICON_NAME = AppIcon;
				CODE_SIGN_STYLE = Automatic;
				DEVELOPMENT_ASSET_PATHS = "\"FoodDeliveryLayoutLBTA/Preview Content\"";
				ENABLE_PREVIEWS = YES;
				INFOPLIST_FILE = FoodDeliveryLayoutLBTA/Info.plist;
				LD_RUNPATH_SEARCH_PATHS = (
					"$(inherited)",
					"@executable_path/Frameworks",
				);
				PRODUCT_BUNDLE_IDENTIFIER = com.bengavan.ios.FoodDeliveryLayoutLBTA;
				PRODUCT_NAME = "$(TARGET_NAME)";
				SWIFT_VERSION = 5.0;
				TARGETED_DEVICE_FAMILY = "1,2";
			};
			name = Debug;
		};
		B53F9E0D24B5DAC40062F1DA /* Release */ = {
			isa = XCBuildConfiguration;
			buildSettings = {
				ASSETCATALOG_COMPILER_APPICON_NAME = AppIcon;
				CODE_SIGN_STYLE = Automatic;
				DEVELOPMENT_ASSET_PATHS = "\"FoodDeliveryLayoutLBTA/Preview Content\"";
				ENABLE_PREVIEWS = YES;
				INFOPLIST_FILE = FoodDeliveryLayoutLBTA/Info.plist;
				LD_RUNPATH_SEARCH_PATHS = (
					"$(inherited)",
					"@executable_path/Frameworks",
				);
				PRODUCT_BUNDLE_IDENTIFIER = com.bengavan.ios.FoodDeliveryLayoutLBTA;
				PRODUCT_NAME = "$(TARGET_NAME)";
				SWIFT_VERSION = 5.0;
				TARGETED_DEVICE_FAMILY = "1,2";
			};
			name = Release;
		};
/* End XCBuildConfiguration section */

/* Begin XCConfigurationList section */
		B53F9DF224B5DABD0062F1DA /* Build configuration list for PBXProject "FoodDeliveryLayoutLBTA" */ = {
			isa = XCConfigurationList;
			buildConfigurations = (
				B53F9E0924B5DAC40062F1DA /* Debug */,
				B53F9E0A24B5DAC40062F1DA /* Release */,
			);
			defaultConfigurationIsVisible = 0;
			defaultConfigurationName = Release;
		};
		B53F9E0B24B5DAC40062F1DA /* Build configuration list for PBXNativeTarget "FoodDeliveryLayoutLBTA" */ = {
			isa = XCConfigurationList;
			buildConfigurations = (
				B53F9E0C24B5DAC40062F1DA /* Debug */,
				B53F9E0D24B5DAC40062F1DA /* Release */,
			);
			defaultConfigurationIsVisible = 0;
			defaultConfigurationName = Release;
		};
/* End XCConfigurationList section */
	};
	rootObject = B53F9DEF24B5DABD0062F1DA /* Project object */;
}
